// !$*UTF8*$!
{
	archiveVersion = 1;
	classes = {
	};
	objectVersion = 46;
	objects = {

/* Begin PBXBuildFile section */
		201024D71A7B030F00F248F3 /* main.m in Sources */ = {isa = PBXBuildFile; fileRef = 201024D61A7B030F00F248F3 /* main.m */; };
		201024DA1A7B030F00F248F3 /* AppDelegate.m in Sources */ = {isa = PBXBuildFile; fileRef = 201024D91A7B030F00F248F3 /* AppDelegate.m */; };
		201024E21A7B030F00F248F3 /* Images.xcassets in Resources */ = {isa = PBXBuildFile; fileRef = 201024E11A7B030F00F248F3 /* Images.xcassets */; };
		201024F11A7B030F00F248F3 /* BabyNinjaTests.m in Sources */ = {isa = PBXBuildFile; fileRef = 201024F01A7B030F00F248F3 /* BabyNinjaTests.m */; };
		201024FF1A7B530E00F248F3 /* poop.png in Resources */ = {isa = PBXBuildFile; fileRef = 201024FE1A7B530E00F248F3 /* poop.png */; };
		203A499D1A809D9C00F02E56 /* ICSDrawerController.m in Sources */ = {isa = PBXBuildFile; fileRef = 203A499A1A809D9C00F02E56 /* ICSDrawerController.m */; };
		203A499E1A809D9C00F02E56 /* ICSDropShadowView.m in Sources */ = {isa = PBXBuildFile; fileRef = 203A499C1A809D9C00F02E56 /* ICSDropShadowView.m */; };
		203A49A31A809F7000F02E56 /* MainViewController.m in Sources */ = {isa = PBXBuildFile; fileRef = 203A49A21A809F7000F02E56 /* MainViewController.m */; };
		203A49A91A80A4F500F02E56 /* LeftSideController.m in Sources */ = {isa = PBXBuildFile; fileRef = 203A49A81A80A4F500F02E56 /* LeftSideController.m */; };
		203A49AB1A80AF9200F02E56 /* iphone6P.png in Resources */ = {isa = PBXBuildFile; fileRef = 203A49AA1A80AF9200F02E56 /* iphone6P.png */; };
		203A49AD1A80B01E00F02E56 /* iphone.png in Resources */ = {isa = PBXBuildFile; fileRef = 203A49AC1A80B01E00F02E56 /* iphone.png */; };
/* End PBXBuildFile section */

/* Begin PBXContainerItemProxy section */
		201024EB1A7B030F00F248F3 /* PBXContainerItemProxy */ = {
			isa = PBXContainerItemProxy;
			containerPortal = 201024C91A7B030F00F248F3 /* Project object */;
			proxyType = 1;
			remoteGlobalIDString = 201024D01A7B030F00F248F3;
			remoteInfo = BabyNinja;
		};
/* End PBXContainerItemProxy section */

/* Begin PBXFileReference section */
		201024D11A7B030F00F248F3 /* BabyNinja.app */ = {isa = PBXFileReference; explicitFileType = wrapper.application; includeInIndex = 0; path = BabyNinja.app; sourceTree = BUILT_PRODUCTS_DIR; };
		201024D51A7B030F00F248F3 /* Info.plist */ = {isa = PBXFileReference; lastKnownFileType = text.plist.xml; path = Info.plist; sourceTree = "<group>"; };
		201024D61A7B030F00F248F3 /* main.m */ = {isa = PBXFileReference; lastKnownFileType = sourcecode.c.objc; path = main.m; sourceTree = "<group>"; };
		201024D81A7B030F00F248F3 /* AppDelegate.h */ = {isa = PBXFileReference; lastKnownFileType = sourcecode.c.h; path = AppDelegate.h; sourceTree = "<group>"; };
		201024D91A7B030F00F248F3 /* AppDelegate.m */ = {isa = PBXFileReference; lastKnownFileType = sourcecode.c.objc; path = AppDelegate.m; sourceTree = "<group>"; };
		201024E11A7B030F00F248F3 /* Images.xcassets */ = {isa = PBXFileReference; lastKnownFileType = folder.assetcatalog; path = Images.xcassets; sourceTree = "<group>"; };
		201024EA1A7B030F00F248F3 /* BabyNinjaTests.xctest */ = {isa = PBXFileReference; explicitFileType = wrapper.cfbundle; includeInIndex = 0; path = BabyNinjaTests.xctest; sourceTree = BUILT_PRODUCTS_DIR; };
		201024EF1A7B030F00F248F3 /* Info.plist */ = {isa = PBXFileReference; lastKnownFileType = text.plist.xml; path = Info.plist; sourceTree = "<group>"; };
		201024F01A7B030F00F248F3 /* BabyNinjaTests.m */ = {isa = PBXFileReference; lastKnownFileType = sourcecode.c.objc; path = BabyNinjaTests.m; sourceTree = "<group>"; };
		201024FE1A7B530E00F248F3 /* poop.png */ = {isa = PBXFileReference; lastKnownFileType = image.png; path = poop.png; sourceTree = "<group>"; };
		203A49991A809D9C00F02E56 /* ICSDrawerController.h */ = {isa = PBXFileReference; fileEncoding = 4; lastKnownFileType = sourcecode.c.h; path = ICSDrawerController.h; sourceTree = "<group>"; };
		203A499A1A809D9C00F02E56 /* ICSDrawerController.m */ = {isa = PBXFileReference; fileEncoding = 4; lastKnownFileType = sourcecode.c.objc; path = ICSDrawerController.m; sourceTree = "<group>"; };
		203A499B1A809D9C00F02E56 /* ICSDropShadowView.h */ = {isa = PBXFileReference; fileEncoding = 4; lastKnownFileType = sourcecode.c.h; path = ICSDropShadowView.h; sourceTree = "<group>"; };
		203A499C1A809D9C00F02E56 /* ICSDropShadowView.m */ = {isa = PBXFileReference; fileEncoding = 4; lastKnownFileType = sourcecode.c.objc; path = ICSDropShadowView.m; sourceTree = "<group>"; };
		203A49A11A809F7000F02E56 /* MainViewController.h */ = {isa = PBXFileReference; fileEncoding = 4; lastKnownFileType = sourcecode.c.h; path = MainViewController.h; sourceTree = "<group>"; };
		203A49A21A809F7000F02E56 /* MainViewController.m */ = {isa = PBXFileReference; fileEncoding = 4; lastKnownFileType = sourcecode.c.objc; path = MainViewController.m; sourceTree = "<group>"; };
		203A49A71A80A4E200F02E56 /* LeftSideController.h */ = {isa = PBXFileReference; lastKnownFileType = sourcecode.c.h; path = LeftSideController.h; sourceTree = "<group>"; };
		203A49A81A80A4F500F02E56 /* LeftSideController.m */ = {isa = PBXFileReference; fileEncoding = 4; lastKnownFileType = sourcecode.c.objc; path = LeftSideController.m; sourceTree = "<group>"; };
		203A49AA1A80AF9200F02E56 /* iphone6P.png */ = {isa = PBXFileReference; lastKnownFileType = image.png; path = iphone6P.png; sourceTree = "<group>"; };
		203A49AC1A80B01E00F02E56 /* iphone.png */ = {isa = PBXFileReference; lastKnownFileType = image.png; path = iphone.png; sourceTree = "<group>"; };
/* End PBXFileReference section */

/* Begin PBXFrameworksBuildPhase section */
		201024CE1A7B030F00F248F3 /* Frameworks */ = {
			isa = PBXFrameworksBuildPhase;
			buildActionMask = 2147483647;
			files = (
			);
			runOnlyForDeploymentPostprocessing = 0;
		};
		201024E71A7B030F00F248F3 /* Frameworks */ = {
			isa = PBXFrameworksBuildPhase;
			buildActionMask = 2147483647;
			files = (
			);
			runOnlyForDeploymentPostprocessing = 0;
		};
/* End PBXFrameworksBuildPhase section */

/* Begin PBXGroup section */
		201024C81A7B030F00F248F3 = {
			isa = PBXGroup;
			children = (
				201024D31A7B030F00F248F3 /* BabyNinja */,
				201024ED1A7B030F00F248F3 /* BabyNinjaTests */,
				201024D21A7B030F00F248F3 /* Products */,
			);
			sourceTree = "<group>";
		};
		201024D21A7B030F00F248F3 /* Products */ = {
			isa = PBXGroup;
			children = (
				201024D11A7B030F00F248F3 /* BabyNinja.app */,
				201024EA1A7B030F00F248F3 /* BabyNinjaTests.xctest */,
			);
			name = Products;
			sourceTree = "<group>";
		};
		201024D31A7B030F00F248F3 /* BabyNinja */ = {
			isa = PBXGroup;
			children = (
				201024FD1A7B530E00F248F3 /* Images */,
				201024FA1A7B135F00F248F3 /* External Libraries */,
				201024FB1A7B135F00F248F3 /* Utilities */,
				201024FC1A7B135F00F248F3 /* ViewControllers */,
				201024D41A7B030F00F248F3 /* Supporting Files */,
				201024D81A7B030F00F248F3 /* AppDelegate.h */,
				201024D91A7B030F00F248F3 /* AppDelegate.m */,
				201024E11A7B030F00F248F3 /* Images.xcassets */,
			);
			path = BabyNinja;
			sourceTree = "<group>";
		};
		201024D41A7B030F00F248F3 /* Supporting Files */ = {
			isa = PBXGroup;
			children = (
				201024D51A7B030F00F248F3 /* Info.plist */,
				201024D61A7B030F00F248F3 /* main.m */,
			);
			name = "Supporting Files";
			sourceTree = "<group>";
		};
		201024ED1A7B030F00F248F3 /* BabyNinjaTests */ = {
			isa = PBXGroup;
			children = (
				201024F01A7B030F00F248F3 /* BabyNinjaTests.m */,
				201024EE1A7B030F00F248F3 /* Supporting Files */,
			);
			path = BabyNinjaTests;
			sourceTree = "<group>";
		};
		201024EE1A7B030F00F248F3 /* Supporting Files */ = {
			isa = PBXGroup;
			children = (
				201024EF1A7B030F00F248F3 /* Info.plist */,
			);
			name = "Supporting Files";
			sourceTree = "<group>";
		};
		201024FA1A7B135F00F248F3 /* External Libraries */ = {
			isa = PBXGroup;
			children = (
				203A49981A809D9C00F02E56 /* ICSDrawerController */,
			);
			path = "External Libraries";
			sourceTree = "<group>";
		};
		201024FB1A7B135F00F248F3 /* Utilities */ = {
			isa = PBXGroup;
			children = (
			);
			path = Utilities;
			sourceTree = "<group>";
		};
		201024FC1A7B135F00F248F3 /* ViewControllers */ = {
			isa = PBXGroup;
			children = (
				203A499F1A809F7000F02E56 /* LeftSideController */,
				203A49A01A809F7000F02E56 /* MainViewController */,
			);
			path = ViewControllers;
			sourceTree = "<group>";
		};
		201024FD1A7B530E00F248F3 /* Images */ = {
			isa = PBXGroup;
			children = (
				203A49AC1A80B01E00F02E56 /* iphone.png */,
				203A49AA1A80AF9200F02E56 /* iphone6P.png */,
				201024FE1A7B530E00F248F3 /* poop.png */,
			);
			path = Images;
			sourceTree = "<group>";
		};
		203A49981A809D9C00F02E56 /* ICSDrawerController */ = {
			isa = PBXGroup;
			children = (
				203A49991A809D9C00F02E56 /* ICSDrawerController.h */,
				203A499A1A809D9C00F02E56 /* ICSDrawerController.m */,
				203A499B1A809D9C00F02E56 /* ICSDropShadowView.h */,
				203A499C1A809D9C00F02E56 /* ICSDropShadowView.m */,
			);
			path = ICSDrawerController;
			sourceTree = "<group>";
		};
		203A499F1A809F7000F02E56 /* LeftSideController */ = {
			isa = PBXGroup;
			children = (
				203A49A71A80A4E200F02E56 /* LeftSideController.h */,
				203A49A81A80A4F500F02E56 /* LeftSideController.m */,
			);
			path = LeftSideController;
			sourceTree = "<group>";
		};
		203A49A01A809F7000F02E56 /* MainViewController */ = {
			isa = PBXGroup;
			children = (
				203A49A11A809F7000F02E56 /* MainViewController.h */,
				203A49A21A809F7000F02E56 /* MainViewController.m */,
			);
			path = MainViewController;
			sourceTree = "<group>";
		};
/* End PBXGroup section */

/* Begin PBXNativeTarget section */
		201024D01A7B030F00F248F3 /* BabyNinja */ = {
			isa = PBXNativeTarget;
			buildConfigurationList = 201024F41A7B030F00F248F3 /* Build configuration list for PBXNativeTarget "BabyNinja" */;
			buildPhases = (
				201024CD1A7B030F00F248F3 /* Sources */,
				201024CE1A7B030F00F248F3 /* Frameworks */,
				201024CF1A7B030F00F248F3 /* Resources */,
			);
			buildRules = (
			);
			dependencies = (
			);
			name = BabyNinja;
			productName = BabyNinja;
			productReference = 201024D11A7B030F00F248F3 /* BabyNinja.app */;
			productType = "com.apple.product-type.application";
		};
		201024E91A7B030F00F248F3 /* BabyNinjaTests */ = {
			isa = PBXNativeTarget;
			buildConfigurationList = 201024F71A7B030F00F248F3 /* Build configuration list for PBXNativeTarget "BabyNinjaTests" */;
			buildPhases = (
				201024E61A7B030F00F248F3 /* Sources */,
				201024E71A7B030F00F248F3 /* Frameworks */,
				201024E81A7B030F00F248F3 /* Resources */,
			);
			buildRules = (
			);
			dependencies = (
				201024EC1A7B030F00F248F3 /* PBXTargetDependency */,
			);
			name = BabyNinjaTests;
			productName = BabyNinjaTests;
			productReference = 201024EA1A7B030F00F248F3 /* BabyNinjaTests.xctest */;
			productType = "com.apple.product-type.bundle.unit-test";
		};
/* End PBXNativeTarget section */

/* Begin PBXProject section */
		201024C91A7B030F00F248F3 /* Project object */ = {
			isa = PBXProject;
			attributes = {
				LastUpgradeCheck = 0620;
				ORGANIZATIONNAME = "TeamONE Software";
				TargetAttributes = {
					201024D01A7B030F00F248F3 = {
						CreatedOnToolsVersion = 6.2;
					};
					201024E91A7B030F00F248F3 = {
						CreatedOnToolsVersion = 6.2;
						TestTargetID = 201024D01A7B030F00F248F3;
					};
				};
			};
			buildConfigurationList = 201024CC1A7B030F00F248F3 /* Build configuration list for PBXProject "BabyNinja" */;
			compatibilityVersion = "Xcode 3.2";
			developmentRegion = English;
			hasScannedForEncodings = 0;
			knownRegions = (
				en,
				Base,
			);
			mainGroup = 201024C81A7B030F00F248F3;
			productRefGroup = 201024D21A7B030F00F248F3 /* Products */;
			projectDirPath = "";
			projectRoot = "";
			targets = (
				201024D01A7B030F00F248F3 /* BabyNinja */,
				201024E91A7B030F00F248F3 /* BabyNinjaTests */,
			);
		};
/* End PBXProject section */

/* Begin PBXResourcesBuildPhase section */
		201024CF1A7B030F00F248F3 /* Resources */ = {
			isa = PBXResourcesBuildPhase;
			buildActionMask = 2147483647;
			files = (
				203A49AD1A80B01E00F02E56 /* iphone.png in Resources */,
				203A49AB1A80AF9200F02E56 /* iphone6P.png in Resources */,
				201024FF1A7B530E00F248F3 /* poop.png in Resources */,
				201024E21A7B030F00F248F3 /* Images.xcassets in Resources */,
			);
			runOnlyForDeploymentPostprocessing = 0;
		};
		201024E81A7B030F00F248F3 /* Resources */ = {
			isa = PBXResourcesBuildPhase;
			buildActionMask = 2147483647;
			files = (
			);
			runOnlyForDeploymentPostprocessing = 0;
		};
/* End PBXResourcesBuildPhase section */

/* Begin PBXSourcesBuildPhase section */
		201024CD1A7B030F00F248F3 /* Sources */ = {
			isa = PBXSourcesBuildPhase;
			buildActionMask = 2147483647;
			files = (
				203A499D1A809D9C00F02E56 /* ICSDrawerController.m in Sources */,
				203A49A91A80A4F500F02E56 /* LeftSideController.m in Sources */,
				201024DA1A7B030F00F248F3 /* AppDelegate.m in Sources */,
				201024D71A7B030F00F248F3 /* main.m in Sources */,
				203A49A31A809F7000F02E56 /* MainViewController.m in Sources */,
				203A499E1A809D9C00F02E56 /* ICSDropShadowView.m in Sources */,
			);
			runOnlyForDeploymentPostprocessing = 0;
		};
		201024E61A7B030F00F248F3 /* Sources */ = {
			isa = PBXSourcesBuildPhase;
			buildActionMask = 2147483647;
			files = (
				201024F11A7B030F00F248F3 /* BabyNinjaTests.m in Sources */,
			);
			runOnlyForDeploymentPostprocessing = 0;
		};
/* End PBXSourcesBuildPhase section */

/* Begin PBXTargetDependency section */
		201024EC1A7B030F00F248F3 /* PBXTargetDependency */ = {
			isa = PBXTargetDependency;
			target = 201024D01A7B030F00F248F3 /* BabyNinja */;
			targetProxy = 201024EB1A7B030F00F248F3 /* PBXContainerItemProxy */;
		};
/* End PBXTargetDependency section */

/* Begin XCBuildConfiguration section */
		201024F21A7B030F00F248F3 /* Debug */ = {
			isa = XCBuildConfiguration;
			buildSettings = {
				ALWAYS_SEARCH_USER_PATHS = NO;
				CLANG_CXX_LANGUAGE_STANDARD = "gnu++0x";
				CLANG_CXX_LIBRARY = "libc++";
				CLANG_ENABLE_MODULES = YES;
				CLANG_ENABLE_OBJC_ARC = YES;
				CLANG_WARN_BOOL_CONVERSION = YES;
				CLANG_WARN_CONSTANT_CONVERSION = YES;
				CLANG_WARN_DIRECT_OBJC_ISA_USAGE = YES_ERROR;
				CLANG_WARN_EMPTY_BODY = YES;
				CLANG_WARN_ENUM_CONVERSION = YES;
				CLANG_WARN_INT_CONVERSION = YES;
				CLANG_WARN_OBJC_ROOT_CLASS = YES_ERROR;
				CLANG_WARN_UNREACHABLE_CODE = YES;
				CLANG_WARN__DUPLICATE_METHOD_MATCH = YES;
				"CODE_SIGN_IDENTITY[sdk=iphoneos*]" = "iPhone Developer";
				COPY_PHASE_STRIP = NO;
				ENABLE_STRICT_OBJC_MSGSEND = YES;
				GCC_C_LANGUAGE_STANDARD = gnu99;
				GCC_DYNAMIC_NO_PIC = NO;
				GCC_OPTIMIZATION_LEVEL = 0;
				GCC_PREPROCESSOR_DEFINITIONS = (
					"DEBUG=1",
					"$(inherited)",
				);
				GCC_SYMBOLS_PRIVATE_EXTERN = NO;
				GCC_WARN_64_TO_32_BIT_CONVERSION = YES;
				GCC_WARN_ABOUT_RETURN_TYPE = YES_ERROR;
				GCC_WARN_UNDECLARED_SELECTOR = YES;
				GCC_WARN_UNINITIALIZED_AUTOS = YES_AGGRESSIVE;
				GCC_WARN_UNUSED_FUNCTION = YES;
				GCC_WARN_UNUSED_VARIABLE = YES;
				IPHONEOS_DEPLOYMENT_TARGET = 8.2;
				MTL_ENABLE_DEBUG_INFO = YES;
				ONLY_ACTIVE_ARCH = YES;
				SDKROOT = iphoneos;
				TARGETED_DEVICE_FAMILY = "1,2";
			};
			name = Debug;
		};
		201024F31A7B030F00F248F3 /* Release */ = {
			isa = XCBuildConfiguration;
			buildSettings = {
				ALWAYS_SEARCH_USER_PATHS = NO;
				CLANG_CXX_LANGUAGE_STANDARD = "gnu++0x";
				CLANG_CXX_LIBRARY = "libc++";
				CLANG_ENABLE_MODULES = YES;
				CLANG_ENABLE_OBJC_ARC = YES;
				CLANG_WARN_BOOL_CONVERSION = YES;
				CLANG_WARN_CONSTANT_CONVERSION = YES;
				CLANG_WARN_DIRECT_OBJC_ISA_USAGE = YES_ERROR;
				CLANG_WARN_EMPTY_BODY = YES;
				CLANG_WARN_ENUM_CONVERSION = YES;
				CLANG_WARN_INT_CONVERSION = YES;
				CLANG_WARN_OBJC_ROOT_CLASS = YES_ERROR;
				CLANG_WARN_UNREACHABLE_CODE = YES;
				CLANG_WARN__DUPLICATE_METHOD_MATCH = YES;
				"CODE_SIGN_IDENTITY[sdk=iphoneos*]" = "iPhone Developer";
				COPY_PHASE_STRIP = NO;
				ENABLE_NS_ASSERTIONS = NO;
				ENABLE_STRICT_OBJC_MSGSEND = YES;
				GCC_C_LANGUAGE_STANDARD = gnu99;
				GCC_WARN_64_TO_32_BIT_CONVERSION = YES;
				GCC_WARN_ABOUT_RETURN_TYPE = YES_ERROR;
				GCC_WARN_UNDECLARED_SELECTOR = YES;
				GCC_WARN_UNINITIALIZED_AUTOS = YES_AGGRESSIVE;
				GCC_WARN_UNUSED_FUNCTION = YES;
				GCC_WARN_UNUSED_VARIABLE = YES;
				IPHONEOS_DEPLOYMENT_TARGET = 8.2;
				MTL_ENABLE_DEBUG_INFO = NO;
				SDKROOT = iphoneos;
				TARGETED_DEVICE_FAMILY = "1,2";
				VALIDATE_PRODUCT = YES;
			};
			name = Release;
		};
		201024F51A7B030F00F248F3 /* Debug */ = {
			isa = XCBuildConfiguration;
			buildSettings = {
				ASSETCATALOG_COMPILER_APPICON_NAME = AppIcon;
				INFOPLIST_FILE = BabyNinja/Info.plist;
				LD_RUNPATH_SEARCH_PATHS = "$(inherited) @executable_path/Frameworks";
				PRODUCT_NAME = "$(TARGET_NAME)";
			};
			name = Debug;
		};
		201024F61A7B030F00F248F3 /* Release */ = {
			isa = XCBuildConfiguration;
			buildSettings = {
				ASSETCATALOG_COMPILER_APPICON_NAME = AppIcon;
				INFOPLIST_FILE = BabyNinja/Info.plist;
				LD_RUNPATH_SEARCH_PATHS = "$(inherited) @executable_path/Frameworks";
				PRODUCT_NAME = "$(TARGET_NAME)";
			};
			name = Release;
		};
		201024F81A7B030F00F248F3 /* Debug */ = {
			isa = XCBuildConfiguration;
			buildSettings = {
				BUNDLE_LOADER = "$(TEST_HOST)";
				FRAMEWORK_SEARCH_PATHS = (
					"$(SDKROOT)/Developer/Library/Frameworks",
					"$(inherited)",
				);
				GCC_PREPROCESSOR_DEFINITIONS = (
					"DEBUG=1",
					"$(inherited)",
				);
				INFOPLIST_FILE = BabyNinjaTests/Info.plist;
				LD_RUNPATH_SEARCH_PATHS = "$(inherited) @executable_path/Frameworks @loader_path/Frameworks";
				PRODUCT_NAME = "$(TARGET_NAME)";
				TEST_HOST = "$(BUILT_PRODUCTS_DIR)/BabyNinja.app/BabyNinja";
			};
			name = Debug;
		};
		201024F91A7B030F00F248F3 /* Release */ = {
			isa = XCBuildConfiguration;
			buildSettings = {
				BUNDLE_LOADER = "$(TEST_HOST)";
				FRAMEWORK_SEARCH_PATHS = (
					"$(SDKROOT)/Developer/Library/Frameworks",
					"$(inherited)",
				);
				INFOPLIST_FILE = BabyNinjaTests/Info.plist;
				LD_RUNPATH_SEARCH_PATHS = "$(inherited) @executable_path/Frameworks @loader_path/Frameworks";
				PRODUCT_NAME = "$(TARGET_NAME)";
				TEST_HOST = "$(BUILT_PRODUCTS_DIR)/BabyNinja.app/BabyNinja";
			};
			name = Release;
		};
/* End XCBuildConfiguration section */

/* Begin XCConfigurationList section */
		201024CC1A7B030F00F248F3 /* Build configuration list for PBXProject "BabyNinja" */ = {
			isa = XCConfigurationList;
			buildConfigurations = (
				201024F21A7B030F00F248F3 /* Debug */,
				201024F31A7B030F00F248F3 /* Release */,
			);
			defaultConfigurationIsVisible = 0;
			defaultConfigurationName = Release;
		};
		201024F41A7B030F00F248F3 /* Build configuration list for PBXNativeTarget "BabyNinja" */ = {
			isa = XCConfigurationList;
			buildConfigurations = (
				201024F51A7B030F00F248F3 /* Debug */,
				201024F61A7B030F00F248F3 /* Release */,
			);
			defaultConfigurationIsVisible = 0;
			defaultConfigurationName = Release;
		};
		201024F71A7B030F00F248F3 /* Build configuration list for PBXNativeTarget "BabyNinjaTests" */ = {
			isa = XCConfigurationList;
			buildConfigurations = (
				201024F81A7B030F00F248F3 /* Debug */,
				201024F91A7B030F00F248F3 /* Release */,
			);
			defaultConfigurationIsVisible = 0;
			defaultConfigurationName = Release;
		};
/* End XCConfigurationList section */
	};
	rootObject = 201024C91A7B030F00F248F3 /* Project object */;
}
