// !$*UTF8*$!
{
	archiveVersion = 1;
	classes = {
	};
	objectVersion = 46;
	objects = {

/* Begin PBXBuildFile section */
		201024D71A7B030F00F248F3 /* main.m in Sources */ = {isa = PBXBuildFile; fileRef = 201024D61A7B030F00F248F3 /* main.m */; };
		201024DA1A7B030F00F248F3 /* AppDelegate.m in Sources */ = {isa = PBXBuildFile; fileRef = 201024D91A7B030F00F248F3 /* AppDelegate.m */; };
		201024E21A7B030F00F248F3 /* Images.xcassets in Resources */ = {isa = PBXBuildFile; fileRef = 201024E11A7B030F00F248F3 /* Images.xcassets */; };
		201024F11A7B030F00F248F3 /* BabyNinjaTests.m in Sources */ = {isa = PBXBuildFile; fileRef = 201024F01A7B030F00F248F3 /* BabyNinjaTests.m */; };
		201024FF1A7B530E00F248F3 /* poop.png in Resources */ = {isa = PBXBuildFile; fileRef = 201024FE1A7B530E00F248F3 /* poop.png */; };
		201332BB1ADCD9E70012B498 /* LoginViewController.m in Sources */ = {isa = PBXBuildFile; fileRef = 201332BA1ADCD9E70012B498 /* LoginViewController.m */; };
		201332C01ADCDA010012B498 /* LoginViewController.xib in Resources */ = {isa = PBXBuildFile; fileRef = 201332BF1ADCDA010012B498 /* LoginViewController.xib */; };
		20354A581AAEACF400B732D0 /* SleepModeViewController.m in Sources */ = {isa = PBXBuildFile; fileRef = 20354A561AAEACF400B732D0 /* SleepModeViewController.m */; };
		20354A591AAEACF400B732D0 /* SleepModeViewController.xib in Resources */ = {isa = PBXBuildFile; fileRef = 20354A571AAEACF400B732D0 /* SleepModeViewController.xib */; };
		203A499D1A809D9C00F02E56 /* ICSDrawerController.m in Sources */ = {isa = PBXBuildFile; fileRef = 203A499A1A809D9C00F02E56 /* ICSDrawerController.m */; };
		203A499E1A809D9C00F02E56 /* ICSDropShadowView.m in Sources */ = {isa = PBXBuildFile; fileRef = 203A499C1A809D9C00F02E56 /* ICSDropShadowView.m */; };
		203A49A31A809F7000F02E56 /* MainViewController.m in Sources */ = {isa = PBXBuildFile; fileRef = 203A49A21A809F7000F02E56 /* MainViewController.m */; };
		203A49A91A80A4F500F02E56 /* LeftSideController.m in Sources */ = {isa = PBXBuildFile; fileRef = 203A49A81A80A4F500F02E56 /* LeftSideController.m */; };
		203A49AF1A815DB200F02E56 /* MainViewController.xib in Resources */ = {isa = PBXBuildFile; fileRef = 203A49AE1A815DB200F02E56 /* MainViewController.xib */; };
		203A49C41A8165EE00F02E56 /* AFHTTPRequestOperation.m in Sources */ = {isa = PBXBuildFile; fileRef = 203A49B21A8165EE00F02E56 /* AFHTTPRequestOperation.m */; };
		203A49C51A8165EE00F02E56 /* AFHTTPRequestOperationManager.m in Sources */ = {isa = PBXBuildFile; fileRef = 203A49B41A8165EE00F02E56 /* AFHTTPRequestOperationManager.m */; };
		203A49C61A8165EE00F02E56 /* AFHTTPSessionManager.m in Sources */ = {isa = PBXBuildFile; fileRef = 203A49B61A8165EE00F02E56 /* AFHTTPSessionManager.m */; };
		203A49C71A8165EE00F02E56 /* AFNetworkReachabilityManager.m in Sources */ = {isa = PBXBuildFile; fileRef = 203A49B91A8165EE00F02E56 /* AFNetworkReachabilityManager.m */; };
		203A49C81A8165EE00F02E56 /* AFSecurityPolicy.m in Sources */ = {isa = PBXBuildFile; fileRef = 203A49BB1A8165EE00F02E56 /* AFSecurityPolicy.m */; };
		203A49C91A8165EE00F02E56 /* AFURLConnectionOperation.m in Sources */ = {isa = PBXBuildFile; fileRef = 203A49BD1A8165EE00F02E56 /* AFURLConnectionOperation.m */; };
		203A49CA1A8165EE00F02E56 /* AFURLRequestSerialization.m in Sources */ = {isa = PBXBuildFile; fileRef = 203A49BF1A8165EE00F02E56 /* AFURLRequestSerialization.m */; };
		203A49CB1A8165EE00F02E56 /* AFURLResponseSerialization.m in Sources */ = {isa = PBXBuildFile; fileRef = 203A49C11A8165EE00F02E56 /* AFURLResponseSerialization.m */; };
		203A49CC1A8165EE00F02E56 /* AFURLSessionManager.m in Sources */ = {isa = PBXBuildFile; fileRef = 203A49C31A8165EE00F02E56 /* AFURLSessionManager.m */; };
		203A49D81A828C7300F02E56 /* InterfaceController.m in Sources */ = {isa = PBXBuildFile; fileRef = 203A49D71A828C7300F02E56 /* InterfaceController.m */; };
		203A49DB1A828C7300F02E56 /* NotificationController.m in Sources */ = {isa = PBXBuildFile; fileRef = 203A49DA1A828C7300F02E56 /* NotificationController.m */; };
		203A49DD1A828C7300F02E56 /* Images.xcassets in Resources */ = {isa = PBXBuildFile; fileRef = 203A49DC1A828C7300F02E56 /* Images.xcassets */; };
		203A49E11A828C7300F02E56 /* BabyNinja WatchKit App.app in Resources */ = {isa = PBXBuildFile; fileRef = 203A49E01A828C7300F02E56 /* BabyNinja WatchKit App.app */; };
		203A49E91A828C7300F02E56 /* Interface.storyboard in Resources */ = {isa = PBXBuildFile; fileRef = 203A49E71A828C7300F02E56 /* Interface.storyboard */; };
		203A49EB1A828C7300F02E56 /* Images.xcassets in Resources */ = {isa = PBXBuildFile; fileRef = 203A49EA1A828C7300F02E56 /* Images.xcassets */; };
		203A49EE1A828C7300F02E56 /* BabyNinja WatchKit Extension.appex in Embed App Extensions */ = {isa = PBXBuildFile; fileRef = 203A49D11A828C7300F02E56 /* BabyNinja WatchKit Extension.appex */; settings = {ATTRIBUTES = (RemoveHeadersOnCopy, ); }; };
		2040F9991AD99C8A003B3110 /* FBSDKCoreKit.framework in Frameworks */ = {isa = PBXBuildFile; fileRef = 2040F9961AD99C8A003B3110 /* FBSDKCoreKit.framework */; };
		2040F99A1AD99C8B003B3110 /* FBSDKLoginKit.framework in Frameworks */ = {isa = PBXBuildFile; fileRef = 2040F9971AD99C8A003B3110 /* FBSDKLoginKit.framework */; };
		2040F99B1AD99C8B003B3110 /* FBSDKShareKit.framework in Frameworks */ = {isa = PBXBuildFile; fileRef = 2040F9981AD99C8A003B3110 /* FBSDKShareKit.framework */; };
		20440A681A97F0AE0066CB7F /* Baby.m in Sources */ = {isa = PBXBuildFile; fileRef = 20440A671A97F0AE0066CB7F /* Baby.m */; };
		20440A6B1A97F0C70066CB7F /* CareTaker.m in Sources */ = {isa = PBXBuildFile; fileRef = 20440A6A1A97F0C70066CB7F /* CareTaker.m */; };
		20558F191AE95A7D00A42961 /* PoopTypeSelectionViewController.m in Sources */ = {isa = PBXBuildFile; fileRef = 20558F171AE95A7D00A42961 /* PoopTypeSelectionViewController.m */; };
		20558F1A1AE95A7D00A42961 /* PoopTypeSelectionViewController.xib in Resources */ = {isa = PBXBuildFile; fileRef = 20558F181AE95A7D00A42961 /* PoopTypeSelectionViewController.xib */; };
		20558F291AE967F800A42961 /* WYPopoverController.m in Sources */ = {isa = PBXBuildFile; fileRef = 20558F261AE967F800A42961 /* WYPopoverController.m */; };
		20558F2A1AE967F800A42961 /* WYStoryboardPopoverSegue.m in Sources */ = {isa = PBXBuildFile; fileRef = 20558F281AE967F800A42961 /* WYStoryboardPopoverSegue.m */; };
		205B982A1ACB343100B5E3D5 /* Bolts.framework in Frameworks */ = {isa = PBXBuildFile; fileRef = 205B98281ACB343100B5E3D5 /* Bolts.framework */; };
		205B982B1ACB343100B5E3D5 /* Parse.framework in Frameworks */ = {isa = PBXBuildFile; fileRef = 205B98291ACB343100B5E3D5 /* Parse.framework */; };
		205B982D1ACB349F00B5E3D5 /* Accounts.framework in Frameworks */ = {isa = PBXBuildFile; fileRef = 205B982C1ACB349F00B5E3D5 /* Accounts.framework */; };
		205B982F1ACB34AC00B5E3D5 /* AudioToolbox.framework in Frameworks */ = {isa = PBXBuildFile; fileRef = 205B982E1ACB34AC00B5E3D5 /* AudioToolbox.framework */; };
		205B98311ACB34B400B5E3D5 /* CFNetwork.framework in Frameworks */ = {isa = PBXBuildFile; fileRef = 205B98301ACB34B400B5E3D5 /* CFNetwork.framework */; };
		205B98331ACB34BD00B5E3D5 /* CoreGraphics.framework in Frameworks */ = {isa = PBXBuildFile; fileRef = 205B98321ACB34BD00B5E3D5 /* CoreGraphics.framework */; };
		205B98351ACB34C600B5E3D5 /* CoreLocation.framework in Frameworks */ = {isa = PBXBuildFile; fileRef = 205B98341ACB34C600B5E3D5 /* CoreLocation.framework */; };
		205B98371ACB34D200B5E3D5 /* MobileCoreServices.framework in Frameworks */ = {isa = PBXBuildFile; fileRef = 205B98361ACB34D200B5E3D5 /* MobileCoreServices.framework */; };
		205B98391ACB34DC00B5E3D5 /* QuartzCore.framework in Frameworks */ = {isa = PBXBuildFile; fileRef = 205B98381ACB34DC00B5E3D5 /* QuartzCore.framework */; };
		205B983B1ACB34E200B5E3D5 /* Security.framework in Frameworks */ = {isa = PBXBuildFile; fileRef = 205B983A1ACB34E200B5E3D5 /* Security.framework */; };
		205B983D1ACB34EE00B5E3D5 /* Social.framework in Frameworks */ = {isa = PBXBuildFile; fileRef = 205B983C1ACB34EE00B5E3D5 /* Social.framework */; };
		205B983F1ACB34F400B5E3D5 /* StoreKit.framework in Frameworks */ = {isa = PBXBuildFile; fileRef = 205B983E1ACB34F400B5E3D5 /* StoreKit.framework */; };
		205B98411ACB34FF00B5E3D5 /* SystemConfiguration.framework in Frameworks */ = {isa = PBXBuildFile; fileRef = 205B98401ACB34FF00B5E3D5 /* SystemConfiguration.framework */; };
		205B98431ACB350900B5E3D5 /* libz.dylib in Frameworks */ = {isa = PBXBuildFile; fileRef = 205B98421ACB350900B5E3D5 /* libz.dylib */; };
		205B98451ACB351200B5E3D5 /* libsqlite3.dylib in Frameworks */ = {isa = PBXBuildFile; fileRef = 205B98441ACB351200B5E3D5 /* libsqlite3.dylib */; };
		206589DD1A8A61500019F21D /* TextureSelectionInterfaceController.m in Sources */ = {isa = PBXBuildFile; fileRef = 206589DC1A8A61500019F21D /* TextureSelectionInterfaceController.m */; };
		206589E01A8A666F0019F21D /* AlertInterfaceController.m in Sources */ = {isa = PBXBuildFile; fileRef = 206589DF1A8A666F0019F21D /* AlertInterfaceController.m */; };
		209753CE1AA0F35A00463D41 /* BabyProfileCell.m in Sources */ = {isa = PBXBuildFile; fileRef = 209753CD1AA0F35A00463D41 /* BabyProfileCell.m */; };
		209753D01AA0F36F00463D41 /* BabyProfileCell.xib in Resources */ = {isa = PBXBuildFile; fileRef = 209753CF1AA0F36F00463D41 /* BabyProfileCell.xib */; };
		209753D41AA15E2B00463D41 /* CareTakersListCell.m in Sources */ = {isa = PBXBuildFile; fileRef = 209753D21AA15E2B00463D41 /* CareTakersListCell.m */; };
		209753D51AA15E2B00463D41 /* CareTakersListCell.xib in Resources */ = {isa = PBXBuildFile; fileRef = 209753D31AA15E2B00463D41 /* CareTakersListCell.xib */; };
		209753D81AA16EAD00463D41 /* CustomTableFooter.m in Sources */ = {isa = PBXBuildFile; fileRef = 209753D71AA16EAD00463D41 /* CustomTableFooter.m */; };
		209753DA1AA16EC400463D41 /* CustomTableFooter.xib in Resources */ = {isa = PBXBuildFile; fileRef = 209753D91AA16EC400463D41 /* CustomTableFooter.xib */; };
		209753DD1AA1820600463D41 /* SettingsTableViewController.m in Sources */ = {isa = PBXBuildFile; fileRef = 209753DC1AA1820600463D41 /* SettingsTableViewController.m */; };
		209753E11AA29DA500463D41 /* ConfigurationViewController.m in Sources */ = {isa = PBXBuildFile; fileRef = 209753DF1AA29DA500463D41 /* ConfigurationViewController.m */; };
		209753E21AA29DA500463D41 /* ConfigurationViewController.xib in Resources */ = {isa = PBXBuildFile; fileRef = 209753E01AA29DA500463D41 /* ConfigurationViewController.xib */; };
		209753E61AA29F9B00463D41 /* ConfigurationTableViewCell.m in Sources */ = {isa = PBXBuildFile; fileRef = 209753E41AA29F9B00463D41 /* ConfigurationTableViewCell.m */; };
		209753E71AA29F9B00463D41 /* ConfigurationTableViewCell.xib in Resources */ = {isa = PBXBuildFile; fileRef = 209753E51AA29F9B00463D41 /* ConfigurationTableViewCell.xib */; };
		209753EB1AA2B9BD00463D41 /* MilkSettingsViewController.m in Sources */ = {isa = PBXBuildFile; fileRef = 209753E91AA2B9BD00463D41 /* MilkSettingsViewController.m */; };
		209753EC1AA2B9BD00463D41 /* MilkSettingsViewController.xib in Resources */ = {isa = PBXBuildFile; fileRef = 209753EA1AA2B9BD00463D41 /* MilkSettingsViewController.xib */; };
		209753F01AA2CF7F00463D41 /* ReminderSettingsViewController.m in Sources */ = {isa = PBXBuildFile; fileRef = 209753EE1AA2CF7F00463D41 /* ReminderSettingsViewController.m */; };
		209753F11AA2CF7F00463D41 /* ReminderSettingsViewController.xib in Resources */ = {isa = PBXBuildFile; fileRef = 209753EF1AA2CF7F00463D41 /* ReminderSettingsViewController.xib */; };
		209753F51AA2D5F500463D41 /* ReportsListViewController.m in Sources */ = {isa = PBXBuildFile; fileRef = 209753F31AA2D5F500463D41 /* ReportsListViewController.m */; };
		209753F61AA2D5F500463D41 /* ReportsListViewController.xib in Resources */ = {isa = PBXBuildFile; fileRef = 209753F41AA2D5F500463D41 /* ReportsListViewController.xib */; };
		209753FA1AA3987600463D41 /* ReportScreenViewController.m in Sources */ = {isa = PBXBuildFile; fileRef = 209753F81AA3987600463D41 /* ReportScreenViewController.m */; };
		209753FB1AA3987600463D41 /* ReportScreenViewController.xib in Resources */ = {isa = PBXBuildFile; fileRef = 209753F91AA3987600463D41 /* ReportScreenViewController.xib */; };
		20A02DCB1AAEB88B00A285C2 /* TimelineViewController.m in Sources */ = {isa = PBXBuildFile; fileRef = 20A02DC91AAEB88B00A285C2 /* TimelineViewController.m */; };
		20A02DCC1AAEB88B00A285C2 /* TimelineViewController.xib in Resources */ = {isa = PBXBuildFile; fileRef = 20A02DCA1AAEB88B00A285C2 /* TimelineViewController.xib */; };
		20A29CAC1AE0B65F009936F5 /* Constants.m in Sources */ = {isa = PBXBuildFile; fileRef = 20A29CAB1AE0B65F009936F5 /* Constants.m */; };
		20B3A87E1A84884300B4C8CC /* ALRadialButton.m in Sources */ = {isa = PBXBuildFile; fileRef = 20B3A87B1A84884300B4C8CC /* ALRadialButton.m */; };
		20B3A87F1A84884300B4C8CC /* ALRadialMenu.m in Sources */ = {isa = PBXBuildFile; fileRef = 20B3A87D1A84884300B4C8CC /* ALRadialMenu.m */; };
		20BA8EDC1AAEBB4600290220 /* ReportListViewController.m in Sources */ = {isa = PBXBuildFile; fileRef = 20BA8EDB1AAEBB4600290220 /* ReportListViewController.m */; };
		20BA8EE01AAECD8900290220 /* DiaperChangeViewController.m in Sources */ = {isa = PBXBuildFile; fileRef = 20BA8EDE1AAECD8900290220 /* DiaperChangeViewController.m */; };
		20BA8EE11AAECD8900290220 /* DiaperChangeViewController.xib in Resources */ = {isa = PBXBuildFile; fileRef = 20BA8EDF1AAECD8900290220 /* DiaperChangeViewController.xib */; };
		20BA8EE41AAF258F00290220 /* SleepModeInterfaceController.m in Sources */ = {isa = PBXBuildFile; fileRef = 20BA8EE31AAF258F00290220 /* SleepModeInterfaceController.m */; };
		20BA8EE81AAF289F00290220 /* SleepReportViewController.m in Sources */ = {isa = PBXBuildFile; fileRef = 20BA8EE61AAF289F00290220 /* SleepReportViewController.m */; };
		20BA8EE91AAF289F00290220 /* SleepReportViewController.xib in Resources */ = {isa = PBXBuildFile; fileRef = 20BA8EE71AAF289F00290220 /* SleepReportViewController.xib */; };
		20BA8EED1AAF4A2C00290220 /* LaunchScreenViewController.m in Sources */ = {isa = PBXBuildFile; fileRef = 20BA8EEB1AAF4A2C00290220 /* LaunchScreenViewController.m */; };
		20BA8EEE1AAF4A2C00290220 /* LaunchScreenViewController.xib in Resources */ = {isa = PBXBuildFile; fileRef = 20BA8EEC1AAF4A2C00290220 /* LaunchScreenViewController.xib */; };
		20C693441AA6411C0055B62F /* DiaperSettingsViewController.m in Sources */ = {isa = PBXBuildFile; fileRef = 20C693421AA6411C0055B62F /* DiaperSettingsViewController.m */; };
		20C693451AA6411C0055B62F /* DiaperSettingsViewController.xib in Resources */ = {isa = PBXBuildFile; fileRef = 20C693431AA6411C0055B62F /* DiaperSettingsViewController.xib */; };
		20F3BB351AA57DEA00C50831 /* TMCache.m in Sources */ = {isa = PBXBuildFile; fileRef = 20F3BB301AA57DEA00C50831 /* TMCache.m */; };
		20F3BB361AA57DEA00C50831 /* TMDiskCache.m in Sources */ = {isa = PBXBuildFile; fileRef = 20F3BB321AA57DEA00C50831 /* TMDiskCache.m */; };
		20F3BB371AA57DEA00C50831 /* TMMemoryCache.m in Sources */ = {isa = PBXBuildFile; fileRef = 20F3BB341AA57DEA00C50831 /* TMMemoryCache.m */; };
		20F3BB3A1AA609F900C50831 /* ColorSelectionInterfaceController.m in Sources */ = {isa = PBXBuildFile; fileRef = 20F3BB391AA609F900C50831 /* ColorSelectionInterfaceController.m */; };
		20F3BB3D1AA60B9B00C50831 /* DiaperTypeInterfaceController.m in Sources */ = {isa = PBXBuildFile; fileRef = 20F3BB3C1AA60B9B00C50831 /* DiaperTypeInterfaceController.m */; };
/* End PBXBuildFile section */

/* Begin PBXContainerItemProxy section */
		201024EB1A7B030F00F248F3 /* PBXContainerItemProxy */ = {
			isa = PBXContainerItemProxy;
			containerPortal = 201024C91A7B030F00F248F3 /* Project object */;
			proxyType = 1;
			remoteGlobalIDString = 201024D01A7B030F00F248F3;
			remoteInfo = BabyNinja;
		};
		203A49E21A828C7300F02E56 /* PBXContainerItemProxy */ = {
			isa = PBXContainerItemProxy;
			containerPortal = 201024C91A7B030F00F248F3 /* Project object */;
			proxyType = 1;
			remoteGlobalIDString = 203A49DF1A828C7300F02E56;
			remoteInfo = "BabyNinja WatchKit App";
		};
		203A49EC1A828C7300F02E56 /* PBXContainerItemProxy */ = {
			isa = PBXContainerItemProxy;
			containerPortal = 201024C91A7B030F00F248F3 /* Project object */;
			proxyType = 1;
			remoteGlobalIDString = 203A49D01A828C7300F02E56;
			remoteInfo = "BabyNinja WatchKit Extension";
		};
		205B98501AD0ADE000B5E3D5 /* PBXContainerItemProxy */ = {
			isa = PBXContainerItemProxy;
			containerPortal = 205B984A1AD0ADE000B5E3D5 /* CorePlot-CocoaTouch.xcodeproj */;
			proxyType = 2;
			remoteGlobalIDString = BC9B83470FB8A0A40035D8DA;
			remoteInfo = "CorePlot-CocoaTouch";
		};
/* End PBXContainerItemProxy section */

/* Begin PBXCopyFilesBuildPhase section */
		203A49F51A828C7300F02E56 /* Embed App Extensions */ = {
			isa = PBXCopyFilesBuildPhase;
			buildActionMask = 2147483647;
			dstPath = "";
			dstSubfolderSpec = 13;
			files = (
				203A49EE1A828C7300F02E56 /* BabyNinja WatchKit Extension.appex in Embed App Extensions */,
			);
			name = "Embed App Extensions";
			runOnlyForDeploymentPostprocessing = 0;
		};
/* End PBXCopyFilesBuildPhase section */

/* Begin PBXFileReference section */
		201024D11A7B030F00F248F3 /* BabyNinja.app */ = {isa = PBXFileReference; explicitFileType = wrapper.application; includeInIndex = 0; path = BabyNinja.app; sourceTree = BUILT_PRODUCTS_DIR; };
		201024D51A7B030F00F248F3 /* Info.plist */ = {isa = PBXFileReference; lastKnownFileType = text.plist.xml; path = Info.plist; sourceTree = "<group>"; };
		201024D61A7B030F00F248F3 /* main.m */ = {isa = PBXFileReference; lastKnownFileType = sourcecode.c.objc; path = main.m; sourceTree = "<group>"; };
		201024D81A7B030F00F248F3 /* AppDelegate.h */ = {isa = PBXFileReference; lastKnownFileType = sourcecode.c.h; path = AppDelegate.h; sourceTree = "<group>"; };
		201024D91A7B030F00F248F3 /* AppDelegate.m */ = {isa = PBXFileReference; lastKnownFileType = sourcecode.c.objc; path = AppDelegate.m; sourceTree = "<group>"; };
		201024E11A7B030F00F248F3 /* Images.xcassets */ = {isa = PBXFileReference; lastKnownFileType = folder.assetcatalog; path = Images.xcassets; sourceTree = "<group>"; };
		201024EA1A7B030F00F248F3 /* BabyNinjaTests.xctest */ = {isa = PBXFileReference; explicitFileType = wrapper.cfbundle; includeInIndex = 0; path = BabyNinjaTests.xctest; sourceTree = BUILT_PRODUCTS_DIR; };
		201024EF1A7B030F00F248F3 /* Info.plist */ = {isa = PBXFileReference; lastKnownFileType = text.plist.xml; path = Info.plist; sourceTree = "<group>"; };
		201024F01A7B030F00F248F3 /* BabyNinjaTests.m */ = {isa = PBXFileReference; lastKnownFileType = sourcecode.c.objc; path = BabyNinjaTests.m; sourceTree = "<group>"; };
		201024FE1A7B530E00F248F3 /* poop.png */ = {isa = PBXFileReference; lastKnownFileType = image.png; name = poop.png; path = Images/poop.png; sourceTree = "<group>"; };
		201332B91ADCD9E70012B498 /* LoginViewController.h */ = {isa = PBXFileReference; fileEncoding = 4; lastKnownFileType = sourcecode.c.h; path = LoginViewController.h; sourceTree = "<group>"; };
		201332BA1ADCD9E70012B498 /* LoginViewController.m */ = {isa = PBXFileReference; fileEncoding = 4; lastKnownFileType = sourcecode.c.objc; path = LoginViewController.m; sourceTree = "<group>"; };
		201332BF1ADCDA010012B498 /* LoginViewController.xib */ = {isa = PBXFileReference; fileEncoding = 4; lastKnownFileType = file.xib; name = LoginViewController.xib; path = BabyNinja/ViewControllers/LoginViewController.xib; sourceTree = SOURCE_ROOT; };
		20354A551AAEACF400B732D0 /* SleepModeViewController.h */ = {isa = PBXFileReference; fileEncoding = 4; lastKnownFileType = sourcecode.c.h; path = SleepModeViewController.h; sourceTree = "<group>"; };
		20354A561AAEACF400B732D0 /* SleepModeViewController.m */ = {isa = PBXFileReference; fileEncoding = 4; lastKnownFileType = sourcecode.c.objc; path = SleepModeViewController.m; sourceTree = "<group>"; };
		20354A571AAEACF400B732D0 /* SleepModeViewController.xib */ = {isa = PBXFileReference; fileEncoding = 4; lastKnownFileType = file.xib; path = SleepModeViewController.xib; sourceTree = "<group>"; };
		203A49991A809D9C00F02E56 /* ICSDrawerController.h */ = {isa = PBXFileReference; fileEncoding = 4; lastKnownFileType = sourcecode.c.h; path = ICSDrawerController.h; sourceTree = "<group>"; };
		203A499A1A809D9C00F02E56 /* ICSDrawerController.m */ = {isa = PBXFileReference; fileEncoding = 4; lastKnownFileType = sourcecode.c.objc; path = ICSDrawerController.m; sourceTree = "<group>"; };
		203A499B1A809D9C00F02E56 /* ICSDropShadowView.h */ = {isa = PBXFileReference; fileEncoding = 4; lastKnownFileType = sourcecode.c.h; path = ICSDropShadowView.h; sourceTree = "<group>"; };
		203A499C1A809D9C00F02E56 /* ICSDropShadowView.m */ = {isa = PBXFileReference; fileEncoding = 4; lastKnownFileType = sourcecode.c.objc; path = ICSDropShadowView.m; sourceTree = "<group>"; };
		203A49A11A809F7000F02E56 /* MainViewController.h */ = {isa = PBXFileReference; fileEncoding = 4; lastKnownFileType = sourcecode.c.h; path = MainViewController.h; sourceTree = "<group>"; };
		203A49A21A809F7000F02E56 /* MainViewController.m */ = {isa = PBXFileReference; fileEncoding = 4; lastKnownFileType = sourcecode.c.objc; path = MainViewController.m; sourceTree = "<group>"; };
		203A49A71A80A4E200F02E56 /* LeftSideController.h */ = {isa = PBXFileReference; lastKnownFileType = sourcecode.c.h; path = LeftSideController.h; sourceTree = "<group>"; };
		203A49A81A80A4F500F02E56 /* LeftSideController.m */ = {isa = PBXFileReference; fileEncoding = 4; lastKnownFileType = sourcecode.c.objc; path = LeftSideController.m; sourceTree = "<group>"; };
		203A49AE1A815DB200F02E56 /* MainViewController.xib */ = {isa = PBXFileReference; fileEncoding = 4; lastKnownFileType = file.xib; path = MainViewController.xib; sourceTree = "<group>"; };
		203A49B11A8165EE00F02E56 /* AFHTTPRequestOperation.h */ = {isa = PBXFileReference; fileEncoding = 4; lastKnownFileType = sourcecode.c.h; path = AFHTTPRequestOperation.h; sourceTree = "<group>"; };
		203A49B21A8165EE00F02E56 /* AFHTTPRequestOperation.m */ = {isa = PBXFileReference; fileEncoding = 4; lastKnownFileType = sourcecode.c.objc; path = AFHTTPRequestOperation.m; sourceTree = "<group>"; };
		203A49B31A8165EE00F02E56 /* AFHTTPRequestOperationManager.h */ = {isa = PBXFileReference; fileEncoding = 4; lastKnownFileType = sourcecode.c.h; path = AFHTTPRequestOperationManager.h; sourceTree = "<group>"; };
		203A49B41A8165EE00F02E56 /* AFHTTPRequestOperationManager.m */ = {isa = PBXFileReference; fileEncoding = 4; lastKnownFileType = sourcecode.c.objc; path = AFHTTPRequestOperationManager.m; sourceTree = "<group>"; };
		203A49B51A8165EE00F02E56 /* AFHTTPSessionManager.h */ = {isa = PBXFileReference; fileEncoding = 4; lastKnownFileType = sourcecode.c.h; path = AFHTTPSessionManager.h; sourceTree = "<group>"; };
		203A49B61A8165EE00F02E56 /* AFHTTPSessionManager.m */ = {isa = PBXFileReference; fileEncoding = 4; lastKnownFileType = sourcecode.c.objc; path = AFHTTPSessionManager.m; sourceTree = "<group>"; };
		203A49B71A8165EE00F02E56 /* AFNetworking.h */ = {isa = PBXFileReference; fileEncoding = 4; lastKnownFileType = sourcecode.c.h; path = AFNetworking.h; sourceTree = "<group>"; };
		203A49B81A8165EE00F02E56 /* AFNetworkReachabilityManager.h */ = {isa = PBXFileReference; fileEncoding = 4; lastKnownFileType = sourcecode.c.h; path = AFNetworkReachabilityManager.h; sourceTree = "<group>"; };
		203A49B91A8165EE00F02E56 /* AFNetworkReachabilityManager.m */ = {isa = PBXFileReference; fileEncoding = 4; lastKnownFileType = sourcecode.c.objc; path = AFNetworkReachabilityManager.m; sourceTree = "<group>"; };
		203A49BA1A8165EE00F02E56 /* AFSecurityPolicy.h */ = {isa = PBXFileReference; fileEncoding = 4; lastKnownFileType = sourcecode.c.h; path = AFSecurityPolicy.h; sourceTree = "<group>"; };
		203A49BB1A8165EE00F02E56 /* AFSecurityPolicy.m */ = {isa = PBXFileReference; fileEncoding = 4; lastKnownFileType = sourcecode.c.objc; path = AFSecurityPolicy.m; sourceTree = "<group>"; };
		203A49BC1A8165EE00F02E56 /* AFURLConnectionOperation.h */ = {isa = PBXFileReference; fileEncoding = 4; lastKnownFileType = sourcecode.c.h; path = AFURLConnectionOperation.h; sourceTree = "<group>"; };
		203A49BD1A8165EE00F02E56 /* AFURLConnectionOperation.m */ = {isa = PBXFileReference; fileEncoding = 4; lastKnownFileType = sourcecode.c.objc; path = AFURLConnectionOperation.m; sourceTree = "<group>"; };
		203A49BE1A8165EE00F02E56 /* AFURLRequestSerialization.h */ = {isa = PBXFileReference; fileEncoding = 4; lastKnownFileType = sourcecode.c.h; path = AFURLRequestSerialization.h; sourceTree = "<group>"; };
		203A49BF1A8165EE00F02E56 /* AFURLRequestSerialization.m */ = {isa = PBXFileReference; fileEncoding = 4; lastKnownFileType = sourcecode.c.objc; path = AFURLRequestSerialization.m; sourceTree = "<group>"; };
		203A49C01A8165EE00F02E56 /* AFURLResponseSerialization.h */ = {isa = PBXFileReference; fileEncoding = 4; lastKnownFileType = sourcecode.c.h; path = AFURLResponseSerialization.h; sourceTree = "<group>"; };
		203A49C11A8165EE00F02E56 /* AFURLResponseSerialization.m */ = {isa = PBXFileReference; fileEncoding = 4; lastKnownFileType = sourcecode.c.objc; path = AFURLResponseSerialization.m; sourceTree = "<group>"; };
		203A49C21A8165EE00F02E56 /* AFURLSessionManager.h */ = {isa = PBXFileReference; fileEncoding = 4; lastKnownFileType = sourcecode.c.h; path = AFURLSessionManager.h; sourceTree = "<group>"; };
		203A49C31A8165EE00F02E56 /* AFURLSessionManager.m */ = {isa = PBXFileReference; fileEncoding = 4; lastKnownFileType = sourcecode.c.objc; path = AFURLSessionManager.m; sourceTree = "<group>"; };
		203A49D11A828C7300F02E56 /* BabyNinja WatchKit Extension.appex */ = {isa = PBXFileReference; explicitFileType = "wrapper.app-extension"; includeInIndex = 0; path = "BabyNinja WatchKit Extension.appex"; sourceTree = BUILT_PRODUCTS_DIR; };
		203A49D41A828C7300F02E56 /* Info.plist */ = {isa = PBXFileReference; lastKnownFileType = text.plist.xml; path = Info.plist; sourceTree = "<group>"; };
		203A49D51A828C7300F02E56 /* PushNotificationPayload.apns */ = {isa = PBXFileReference; lastKnownFileType = text; path = PushNotificationPayload.apns; sourceTree = "<group>"; };
		203A49D61A828C7300F02E56 /* InterfaceController.h */ = {isa = PBXFileReference; lastKnownFileType = sourcecode.c.h; path = InterfaceController.h; sourceTree = "<group>"; };
		203A49D71A828C7300F02E56 /* InterfaceController.m */ = {isa = PBXFileReference; lastKnownFileType = sourcecode.c.objc; path = InterfaceController.m; sourceTree = "<group>"; };
		203A49D91A828C7300F02E56 /* NotificationController.h */ = {isa = PBXFileReference; lastKnownFileType = sourcecode.c.h; path = NotificationController.h; sourceTree = "<group>"; };
		203A49DA1A828C7300F02E56 /* NotificationController.m */ = {isa = PBXFileReference; lastKnownFileType = sourcecode.c.objc; path = NotificationController.m; sourceTree = "<group>"; };
		203A49DC1A828C7300F02E56 /* Images.xcassets */ = {isa = PBXFileReference; lastKnownFileType = folder.assetcatalog; path = Images.xcassets; sourceTree = "<group>"; };
		203A49E01A828C7300F02E56 /* BabyNinja WatchKit App.app */ = {isa = PBXFileReference; explicitFileType = wrapper.application; includeInIndex = 0; path = "BabyNinja WatchKit App.app"; sourceTree = BUILT_PRODUCTS_DIR; };
		203A49E61A828C7300F02E56 /* Info.plist */ = {isa = PBXFileReference; lastKnownFileType = text.plist.xml; path = Info.plist; sourceTree = "<group>"; };
		203A49E81A828C7300F02E56 /* Base */ = {isa = PBXFileReference; lastKnownFileType = file.storyboard; name = Base; path = Base.lproj/Interface.storyboard; sourceTree = "<group>"; };
		203A49EA1A828C7300F02E56 /* Images.xcassets */ = {isa = PBXFileReference; lastKnownFileType = folder.assetcatalog; path = Images.xcassets; sourceTree = "<group>"; };
		2040F9961AD99C8A003B3110 /* FBSDKCoreKit.framework */ = {isa = PBXFileReference; lastKnownFileType = wrapper.framework; name = FBSDKCoreKit.framework; path = ../../../../../../FacebookSDK/FBSDKCoreKit.framework; sourceTree = "<group>"; };
		2040F9971AD99C8A003B3110 /* FBSDKLoginKit.framework */ = {isa = PBXFileReference; lastKnownFileType = wrapper.framework; name = FBSDKLoginKit.framework; path = ../../../../../../FacebookSDK/FBSDKLoginKit.framework; sourceTree = "<group>"; };
		2040F9981AD99C8A003B3110 /* FBSDKShareKit.framework */ = {isa = PBXFileReference; lastKnownFileType = wrapper.framework; name = FBSDKShareKit.framework; path = ../../../../../../FacebookSDK/FBSDKShareKit.framework; sourceTree = "<group>"; };
		20440A661A97F0AE0066CB7F /* Baby.h */ = {isa = PBXFileReference; fileEncoding = 4; lastKnownFileType = sourcecode.c.h; path = Baby.h; sourceTree = "<group>"; };
		20440A671A97F0AE0066CB7F /* Baby.m */ = {isa = PBXFileReference; fileEncoding = 4; lastKnownFileType = sourcecode.c.objc; path = Baby.m; sourceTree = "<group>"; };
		20440A691A97F0C70066CB7F /* CareTaker.h */ = {isa = PBXFileReference; fileEncoding = 4; lastKnownFileType = sourcecode.c.h; path = CareTaker.h; sourceTree = "<group>"; };
		20440A6A1A97F0C70066CB7F /* CareTaker.m */ = {isa = PBXFileReference; fileEncoding = 4; lastKnownFileType = sourcecode.c.objc; path = CareTaker.m; sourceTree = "<group>"; };
		20558F161AE95A7D00A42961 /* PoopTypeSelectionViewController.h */ = {isa = PBXFileReference; fileEncoding = 4; lastKnownFileType = sourcecode.c.h; path = PoopTypeSelectionViewController.h; sourceTree = "<group>"; };
		20558F171AE95A7D00A42961 /* PoopTypeSelectionViewController.m */ = {isa = PBXFileReference; fileEncoding = 4; lastKnownFileType = sourcecode.c.objc; path = PoopTypeSelectionViewController.m; sourceTree = "<group>"; };
		20558F181AE95A7D00A42961 /* PoopTypeSelectionViewController.xib */ = {isa = PBXFileReference; fileEncoding = 4; lastKnownFileType = file.xib; path = PoopTypeSelectionViewController.xib; sourceTree = "<group>"; };
		20558F251AE967F800A42961 /* WYPopoverController.h */ = {isa = PBXFileReference; fileEncoding = 4; lastKnownFileType = sourcecode.c.h; name = WYPopoverController.h; path = WYPopoverController/WYPopoverController.h; sourceTree = "<group>"; };
		20558F261AE967F800A42961 /* WYPopoverController.m */ = {isa = PBXFileReference; fileEncoding = 4; lastKnownFileType = sourcecode.c.objc; name = WYPopoverController.m; path = WYPopoverController/WYPopoverController.m; sourceTree = "<group>"; };
		20558F271AE967F800A42961 /* WYStoryboardPopoverSegue.h */ = {isa = PBXFileReference; fileEncoding = 4; lastKnownFileType = sourcecode.c.h; name = WYStoryboardPopoverSegue.h; path = WYPopoverController/WYStoryboardPopoverSegue.h; sourceTree = "<group>"; };
		20558F281AE967F800A42961 /* WYStoryboardPopoverSegue.m */ = {isa = PBXFileReference; fileEncoding = 4; lastKnownFileType = sourcecode.c.objc; name = WYStoryboardPopoverSegue.m; path = WYPopoverController/WYStoryboardPopoverSegue.m; sourceTree = "<group>"; };
		205B98281ACB343100B5E3D5 /* Bolts.framework */ = {isa = PBXFileReference; lastKnownFileType = wrapper.framework; path = Bolts.framework; sourceTree = "<group>"; };
		205B98291ACB343100B5E3D5 /* Parse.framework */ = {isa = PBXFileReference; lastKnownFileType = wrapper.framework; path = Parse.framework; sourceTree = "<group>"; };
		205B982C1ACB349F00B5E3D5 /* Accounts.framework */ = {isa = PBXFileReference; lastKnownFileType = wrapper.framework; name = Accounts.framework; path = System/Library/Frameworks/Accounts.framework; sourceTree = SDKROOT; };
		205B982E1ACB34AC00B5E3D5 /* AudioToolbox.framework */ = {isa = PBXFileReference; lastKnownFileType = wrapper.framework; name = AudioToolbox.framework; path = System/Library/Frameworks/AudioToolbox.framework; sourceTree = SDKROOT; };
		205B98301ACB34B400B5E3D5 /* CFNetwork.framework */ = {isa = PBXFileReference; lastKnownFileType = wrapper.framework; name = CFNetwork.framework; path = System/Library/Frameworks/CFNetwork.framework; sourceTree = SDKROOT; };
		205B98321ACB34BD00B5E3D5 /* CoreGraphics.framework */ = {isa = PBXFileReference; lastKnownFileType = wrapper.framework; name = CoreGraphics.framework; path = System/Library/Frameworks/CoreGraphics.framework; sourceTree = SDKROOT; };
		205B98341ACB34C600B5E3D5 /* CoreLocation.framework */ = {isa = PBXFileReference; lastKnownFileType = wrapper.framework; name = CoreLocation.framework; path = System/Library/Frameworks/CoreLocation.framework; sourceTree = SDKROOT; };
		205B98361ACB34D200B5E3D5 /* MobileCoreServices.framework */ = {isa = PBXFileReference; lastKnownFileType = wrapper.framework; name = MobileCoreServices.framework; path = System/Library/Frameworks/MobileCoreServices.framework; sourceTree = SDKROOT; };
		205B98381ACB34DC00B5E3D5 /* QuartzCore.framework */ = {isa = PBXFileReference; lastKnownFileType = wrapper.framework; name = QuartzCore.framework; path = System/Library/Frameworks/QuartzCore.framework; sourceTree = SDKROOT; };
		205B983A1ACB34E200B5E3D5 /* Security.framework */ = {isa = PBXFileReference; lastKnownFileType = wrapper.framework; name = Security.framework; path = System/Library/Frameworks/Security.framework; sourceTree = SDKROOT; };
		205B983C1ACB34EE00B5E3D5 /* Social.framework */ = {isa = PBXFileReference; lastKnownFileType = wrapper.framework; name = Social.framework; path = System/Library/Frameworks/Social.framework; sourceTree = SDKROOT; };
		205B983E1ACB34F400B5E3D5 /* StoreKit.framework */ = {isa = PBXFileReference; lastKnownFileType = wrapper.framework; name = StoreKit.framework; path = System/Library/Frameworks/StoreKit.framework; sourceTree = SDKROOT; };
		205B98401ACB34FF00B5E3D5 /* SystemConfiguration.framework */ = {isa = PBXFileReference; lastKnownFileType = wrapper.framework; name = SystemConfiguration.framework; path = System/Library/Frameworks/SystemConfiguration.framework; sourceTree = SDKROOT; };
		205B98421ACB350900B5E3D5 /* libz.dylib */ = {isa = PBXFileReference; lastKnownFileType = "compiled.mach-o.dylib"; name = libz.dylib; path = usr/lib/libz.dylib; sourceTree = SDKROOT; };
		205B98441ACB351200B5E3D5 /* libsqlite3.dylib */ = {isa = PBXFileReference; lastKnownFileType = "compiled.mach-o.dylib"; name = libsqlite3.dylib; path = usr/lib/libsqlite3.dylib; sourceTree = SDKROOT; };
		205B984A1AD0ADE000B5E3D5 /* CorePlot-CocoaTouch.xcodeproj */ = {isa = PBXFileReference; lastKnownFileType = "wrapper.pb-project"; name = "CorePlot-CocoaTouch.xcodeproj"; path = "framework/CorePlot-CocoaTouch.xcodeproj"; sourceTree = "<group>"; };
		206589DB1A8A61500019F21D /* TextureSelectionInterfaceController.h */ = {isa = PBXFileReference; fileEncoding = 4; lastKnownFileType = sourcecode.c.h; path = TextureSelectionInterfaceController.h; sourceTree = "<group>"; };
		206589DC1A8A61500019F21D /* TextureSelectionInterfaceController.m */ = {isa = PBXFileReference; fileEncoding = 4; lastKnownFileType = sourcecode.c.objc; path = TextureSelectionInterfaceController.m; sourceTree = "<group>"; };
		206589DE1A8A666F0019F21D /* AlertInterfaceController.h */ = {isa = PBXFileReference; fileEncoding = 4; lastKnownFileType = sourcecode.c.h; path = AlertInterfaceController.h; sourceTree = "<group>"; };
		206589DF1A8A666F0019F21D /* AlertInterfaceController.m */ = {isa = PBXFileReference; fileEncoding = 4; lastKnownFileType = sourcecode.c.objc; path = AlertInterfaceController.m; sourceTree = "<group>"; };
		209753CC1AA0F35A00463D41 /* BabyProfileCell.h */ = {isa = PBXFileReference; fileEncoding = 4; lastKnownFileType = sourcecode.c.h; path = BabyProfileCell.h; sourceTree = "<group>"; };
		209753CD1AA0F35A00463D41 /* BabyProfileCell.m */ = {isa = PBXFileReference; fileEncoding = 4; lastKnownFileType = sourcecode.c.objc; path = BabyProfileCell.m; sourceTree = "<group>"; };
		209753CF1AA0F36F00463D41 /* BabyProfileCell.xib */ = {isa = PBXFileReference; fileEncoding = 4; lastKnownFileType = file.xib; path = BabyProfileCell.xib; sourceTree = "<group>"; };
		209753D11AA15E2B00463D41 /* CareTakersListCell.h */ = {isa = PBXFileReference; fileEncoding = 4; lastKnownFileType = sourcecode.c.h; path = CareTakersListCell.h; sourceTree = "<group>"; };
		209753D21AA15E2B00463D41 /* CareTakersListCell.m */ = {isa = PBXFileReference; fileEncoding = 4; lastKnownFileType = sourcecode.c.objc; path = CareTakersListCell.m; sourceTree = "<group>"; };
		209753D31AA15E2B00463D41 /* CareTakersListCell.xib */ = {isa = PBXFileReference; fileEncoding = 4; lastKnownFileType = file.xib; path = CareTakersListCell.xib; sourceTree = "<group>"; };
		209753D61AA16EAD00463D41 /* CustomTableFooter.h */ = {isa = PBXFileReference; fileEncoding = 4; lastKnownFileType = sourcecode.c.h; path = CustomTableFooter.h; sourceTree = "<group>"; };
		209753D71AA16EAD00463D41 /* CustomTableFooter.m */ = {isa = PBXFileReference; fileEncoding = 4; lastKnownFileType = sourcecode.c.objc; path = CustomTableFooter.m; sourceTree = "<group>"; };
		209753D91AA16EC400463D41 /* CustomTableFooter.xib */ = {isa = PBXFileReference; fileEncoding = 4; lastKnownFileType = file.xib; path = CustomTableFooter.xib; sourceTree = "<group>"; };
		209753DB1AA1820600463D41 /* SettingsTableViewController.h */ = {isa = PBXFileReference; fileEncoding = 4; lastKnownFileType = sourcecode.c.h; path = SettingsTableViewController.h; sourceTree = "<group>"; };
		209753DC1AA1820600463D41 /* SettingsTableViewController.m */ = {isa = PBXFileReference; fileEncoding = 4; lastKnownFileType = sourcecode.c.objc; path = SettingsTableViewController.m; sourceTree = "<group>"; };
		209753DE1AA29DA500463D41 /* ConfigurationViewController.h */ = {isa = PBXFileReference; fileEncoding = 4; lastKnownFileType = sourcecode.c.h; path = ConfigurationViewController.h; sourceTree = "<group>"; };
		209753DF1AA29DA500463D41 /* ConfigurationViewController.m */ = {isa = PBXFileReference; fileEncoding = 4; lastKnownFileType = sourcecode.c.objc; path = ConfigurationViewController.m; sourceTree = "<group>"; };
		209753E01AA29DA500463D41 /* ConfigurationViewController.xib */ = {isa = PBXFileReference; fileEncoding = 4; lastKnownFileType = file.xib; path = ConfigurationViewController.xib; sourceTree = "<group>"; };
		209753E31AA29F9B00463D41 /* ConfigurationTableViewCell.h */ = {isa = PBXFileReference; fileEncoding = 4; lastKnownFileType = sourcecode.c.h; path = ConfigurationTableViewCell.h; sourceTree = "<group>"; };
		209753E41AA29F9B00463D41 /* ConfigurationTableViewCell.m */ = {isa = PBXFileReference; fileEncoding = 4; lastKnownFileType = sourcecode.c.objc; path = ConfigurationTableViewCell.m; sourceTree = "<group>"; };
		209753E51AA29F9B00463D41 /* ConfigurationTableViewCell.xib */ = {isa = PBXFileReference; fileEncoding = 4; lastKnownFileType = file.xib; path = ConfigurationTableViewCell.xib; sourceTree = "<group>"; };
		209753E81AA2B9BD00463D41 /* MilkSettingsViewController.h */ = {isa = PBXFileReference; fileEncoding = 4; lastKnownFileType = sourcecode.c.h; path = MilkSettingsViewController.h; sourceTree = "<group>"; };
		209753E91AA2B9BD00463D41 /* MilkSettingsViewController.m */ = {isa = PBXFileReference; fileEncoding = 4; lastKnownFileType = sourcecode.c.objc; path = MilkSettingsViewController.m; sourceTree = "<group>"; };
		209753EA1AA2B9BD00463D41 /* MilkSettingsViewController.xib */ = {isa = PBXFileReference; fileEncoding = 4; lastKnownFileType = file.xib; path = MilkSettingsViewController.xib; sourceTree = "<group>"; };
		209753ED1AA2CF7F00463D41 /* ReminderSettingsViewController.h */ = {isa = PBXFileReference; fileEncoding = 4; lastKnownFileType = sourcecode.c.h; path = ReminderSettingsViewController.h; sourceTree = "<group>"; };
		209753EE1AA2CF7F00463D41 /* ReminderSettingsViewController.m */ = {isa = PBXFileReference; fileEncoding = 4; lastKnownFileType = sourcecode.c.objc; path = ReminderSettingsViewController.m; sourceTree = "<group>"; };
		209753EF1AA2CF7F00463D41 /* ReminderSettingsViewController.xib */ = {isa = PBXFileReference; fileEncoding = 4; lastKnownFileType = file.xib; path = ReminderSettingsViewController.xib; sourceTree = "<group>"; };
		209753F21AA2D5F500463D41 /* ReportsListViewController.h */ = {isa = PBXFileReference; fileEncoding = 4; lastKnownFileType = sourcecode.c.h; path = ReportsListViewController.h; sourceTree = "<group>"; };
		209753F31AA2D5F500463D41 /* ReportsListViewController.m */ = {isa = PBXFileReference; fileEncoding = 4; lastKnownFileType = sourcecode.c.objc; path = ReportsListViewController.m; sourceTree = "<group>"; };
		209753F41AA2D5F500463D41 /* ReportsListViewController.xib */ = {isa = PBXFileReference; fileEncoding = 4; lastKnownFileType = file.xib; path = ReportsListViewController.xib; sourceTree = "<group>"; };
		209753F71AA3987600463D41 /* ReportScreenViewController.h */ = {isa = PBXFileReference; fileEncoding = 4; lastKnownFileType = sourcecode.c.h; path = ReportScreenViewController.h; sourceTree = "<group>"; };
		209753F81AA3987600463D41 /* ReportScreenViewController.m */ = {isa = PBXFileReference; fileEncoding = 4; lastKnownFileType = sourcecode.c.objc; path = ReportScreenViewController.m; sourceTree = "<group>"; };
		209753F91AA3987600463D41 /* ReportScreenViewController.xib */ = {isa = PBXFileReference; fileEncoding = 4; lastKnownFileType = file.xib; path = ReportScreenViewController.xib; sourceTree = "<group>"; };
		20A02DC81AAEB88B00A285C2 /* TimelineViewController.h */ = {isa = PBXFileReference; fileEncoding = 4; lastKnownFileType = sourcecode.c.h; path = TimelineViewController.h; sourceTree = "<group>"; };
		20A02DC91AAEB88B00A285C2 /* TimelineViewController.m */ = {isa = PBXFileReference; fileEncoding = 4; lastKnownFileType = sourcecode.c.objc; path = TimelineViewController.m; sourceTree = "<group>"; };
		20A02DCA1AAEB88B00A285C2 /* TimelineViewController.xib */ = {isa = PBXFileReference; fileEncoding = 4; lastKnownFileType = file.xib; path = TimelineViewController.xib; sourceTree = "<group>"; };
		20A29CAA1AE0B65F009936F5 /* Constants.h */ = {isa = PBXFileReference; fileEncoding = 4; lastKnownFileType = sourcecode.c.h; path = Constants.h; sourceTree = "<group>"; };
		20A29CAB1AE0B65F009936F5 /* Constants.m */ = {isa = PBXFileReference; fileEncoding = 4; lastKnownFileType = sourcecode.c.objc; path = Constants.m; sourceTree = "<group>"; };
		20A29CAD1AE0B8C4009936F5 /* BabyNinja.pch */ = {isa = PBXFileReference; lastKnownFileType = sourcecode.c.h; path = BabyNinja.pch; sourceTree = "<group>"; };
		20B3A87A1A84884300B4C8CC /* ALRadialButton.h */ = {isa = PBXFileReference; fileEncoding = 4; lastKnownFileType = sourcecode.c.h; path = ALRadialButton.h; sourceTree = "<group>"; };
		20B3A87B1A84884300B4C8CC /* ALRadialButton.m */ = {isa = PBXFileReference; fileEncoding = 4; lastKnownFileType = sourcecode.c.objc; path = ALRadialButton.m; sourceTree = "<group>"; };
		20B3A87C1A84884300B4C8CC /* ALRadialMenu.h */ = {isa = PBXFileReference; fileEncoding = 4; lastKnownFileType = sourcecode.c.h; path = ALRadialMenu.h; sourceTree = "<group>"; };
		20B3A87D1A84884300B4C8CC /* ALRadialMenu.m */ = {isa = PBXFileReference; fileEncoding = 4; lastKnownFileType = sourcecode.c.objc; path = ALRadialMenu.m; sourceTree = "<group>"; };
		20BA8EDA1AAEBB4600290220 /* ReportListViewController.h */ = {isa = PBXFileReference; fileEncoding = 4; lastKnownFileType = sourcecode.c.h; path = ReportListViewController.h; sourceTree = "<group>"; };
		20BA8EDB1AAEBB4600290220 /* ReportListViewController.m */ = {isa = PBXFileReference; fileEncoding = 4; lastKnownFileType = sourcecode.c.objc; path = ReportListViewController.m; sourceTree = "<group>"; };
		20BA8EDD1AAECD8900290220 /* DiaperChangeViewController.h */ = {isa = PBXFileReference; fileEncoding = 4; lastKnownFileType = sourcecode.c.h; path = DiaperChangeViewController.h; sourceTree = "<group>"; };
		20BA8EDE1AAECD8900290220 /* DiaperChangeViewController.m */ = {isa = PBXFileReference; fileEncoding = 4; lastKnownFileType = sourcecode.c.objc; path = DiaperChangeViewController.m; sourceTree = "<group>"; };
		20BA8EDF1AAECD8900290220 /* DiaperChangeViewController.xib */ = {isa = PBXFileReference; fileEncoding = 4; lastKnownFileType = file.xib; path = DiaperChangeViewController.xib; sourceTree = "<group>"; };
		20BA8EE21AAF258F00290220 /* SleepModeInterfaceController.h */ = {isa = PBXFileReference; fileEncoding = 4; lastKnownFileType = sourcecode.c.h; path = SleepModeInterfaceController.h; sourceTree = "<group>"; };
		20BA8EE31AAF258F00290220 /* SleepModeInterfaceController.m */ = {isa = PBXFileReference; fileEncoding = 4; lastKnownFileType = sourcecode.c.objc; path = SleepModeInterfaceController.m; sourceTree = "<group>"; };
		20BA8EE51AAF289F00290220 /* SleepReportViewController.h */ = {isa = PBXFileReference; fileEncoding = 4; lastKnownFileType = sourcecode.c.h; path = SleepReportViewController.h; sourceTree = "<group>"; };
		20BA8EE61AAF289F00290220 /* SleepReportViewController.m */ = {isa = PBXFileReference; fileEncoding = 4; lastKnownFileType = sourcecode.c.objc; path = SleepReportViewController.m; sourceTree = "<group>"; };
		20BA8EE71AAF289F00290220 /* SleepReportViewController.xib */ = {isa = PBXFileReference; fileEncoding = 4; lastKnownFileType = file.xib; path = SleepReportViewController.xib; sourceTree = "<group>"; };
		20BA8EEA1AAF4A2C00290220 /* LaunchScreenViewController.h */ = {isa = PBXFileReference; fileEncoding = 4; lastKnownFileType = sourcecode.c.h; path = LaunchScreenViewController.h; sourceTree = "<group>"; };
		20BA8EEB1AAF4A2C00290220 /* LaunchScreenViewController.m */ = {isa = PBXFileReference; fileEncoding = 4; lastKnownFileType = sourcecode.c.objc; path = LaunchScreenViewController.m; sourceTree = "<group>"; };
		20BA8EEC1AAF4A2C00290220 /* LaunchScreenViewController.xib */ = {isa = PBXFileReference; fileEncoding = 4; lastKnownFileType = file.xib; path = LaunchScreenViewController.xib; sourceTree = "<group>"; };
		20C693411AA6411C0055B62F /* DiaperSettingsViewController.h */ = {isa = PBXFileReference; fileEncoding = 4; lastKnownFileType = sourcecode.c.h; path = DiaperSettingsViewController.h; sourceTree = "<group>"; };
		20C693421AA6411C0055B62F /* DiaperSettingsViewController.m */ = {isa = PBXFileReference; fileEncoding = 4; lastKnownFileType = sourcecode.c.objc; path = DiaperSettingsViewController.m; sourceTree = "<group>"; };
		20C693431AA6411C0055B62F /* DiaperSettingsViewController.xib */ = {isa = PBXFileReference; fileEncoding = 4; lastKnownFileType = file.xib; path = DiaperSettingsViewController.xib; sourceTree = "<group>"; };
		20F3BB2F1AA57DEA00C50831 /* TMCache.h */ = {isa = PBXFileReference; fileEncoding = 4; lastKnownFileType = sourcecode.c.h; path = TMCache.h; sourceTree = "<group>"; };
		20F3BB301AA57DEA00C50831 /* TMCache.m */ = {isa = PBXFileReference; fileEncoding = 4; lastKnownFileType = sourcecode.c.objc; path = TMCache.m; sourceTree = "<group>"; };
		20F3BB311AA57DEA00C50831 /* TMDiskCache.h */ = {isa = PBXFileReference; fileEncoding = 4; lastKnownFileType = sourcecode.c.h; path = TMDiskCache.h; sourceTree = "<group>"; };
		20F3BB321AA57DEA00C50831 /* TMDiskCache.m */ = {isa = PBXFileReference; fileEncoding = 4; lastKnownFileType = sourcecode.c.objc; path = TMDiskCache.m; sourceTree = "<group>"; };
		20F3BB331AA57DEA00C50831 /* TMMemoryCache.h */ = {isa = PBXFileReference; fileEncoding = 4; lastKnownFileType = sourcecode.c.h; path = TMMemoryCache.h; sourceTree = "<group>"; };
		20F3BB341AA57DEA00C50831 /* TMMemoryCache.m */ = {isa = PBXFileReference; fileEncoding = 4; lastKnownFileType = sourcecode.c.objc; path = TMMemoryCache.m; sourceTree = "<group>"; };
		20F3BB381AA609F900C50831 /* ColorSelectionInterfaceController.h */ = {isa = PBXFileReference; fileEncoding = 4; lastKnownFileType = sourcecode.c.h; path = ColorSelectionInterfaceController.h; sourceTree = "<group>"; };
		20F3BB391AA609F900C50831 /* ColorSelectionInterfaceController.m */ = {isa = PBXFileReference; fileEncoding = 4; lastKnownFileType = sourcecode.c.objc; path = ColorSelectionInterfaceController.m; sourceTree = "<group>"; };
		20F3BB3B1AA60B9B00C50831 /* DiaperTypeInterfaceController.h */ = {isa = PBXFileReference; fileEncoding = 4; lastKnownFileType = sourcecode.c.h; path = DiaperTypeInterfaceController.h; sourceTree = "<group>"; };
		20F3BB3C1AA60B9B00C50831 /* DiaperTypeInterfaceController.m */ = {isa = PBXFileReference; fileEncoding = 4; lastKnownFileType = sourcecode.c.objc; path = DiaperTypeInterfaceController.m; sourceTree = "<group>"; };
/* End PBXFileReference section */

/* Begin PBXFrameworksBuildPhase section */
		201024CE1A7B030F00F248F3 /* Frameworks */ = {
			isa = PBXFrameworksBuildPhase;
			buildActionMask = 2147483647;
			files = (
				2040F99A1AD99C8B003B3110 /* FBSDKLoginKit.framework in Frameworks */,
				205B98451ACB351200B5E3D5 /* libsqlite3.dylib in Frameworks */,
				205B98431ACB350900B5E3D5 /* libz.dylib in Frameworks */,
				205B98411ACB34FF00B5E3D5 /* SystemConfiguration.framework in Frameworks */,
				205B983F1ACB34F400B5E3D5 /* StoreKit.framework in Frameworks */,
				205B983D1ACB34EE00B5E3D5 /* Social.framework in Frameworks */,
				205B983B1ACB34E200B5E3D5 /* Security.framework in Frameworks */,
				205B98391ACB34DC00B5E3D5 /* QuartzCore.framework in Frameworks */,
				205B98371ACB34D200B5E3D5 /* MobileCoreServices.framework in Frameworks */,
				205B98351ACB34C600B5E3D5 /* CoreLocation.framework in Frameworks */,
				205B98331ACB34BD00B5E3D5 /* CoreGraphics.framework in Frameworks */,
				205B98311ACB34B400B5E3D5 /* CFNetwork.framework in Frameworks */,
				205B982F1ACB34AC00B5E3D5 /* AudioToolbox.framework in Frameworks */,
				205B982D1ACB349F00B5E3D5 /* Accounts.framework in Frameworks */,
				2040F99B1AD99C8B003B3110 /* FBSDKShareKit.framework in Frameworks */,
				2040F9991AD99C8A003B3110 /* FBSDKCoreKit.framework in Frameworks */,
				205B982B1ACB343100B5E3D5 /* Parse.framework in Frameworks */,
				205B982A1ACB343100B5E3D5 /* Bolts.framework in Frameworks */,
			);
			runOnlyForDeploymentPostprocessing = 0;
		};
		201024E71A7B030F00F248F3 /* Frameworks */ = {
			isa = PBXFrameworksBuildPhase;
			buildActionMask = 2147483647;
			files = (
			);
			runOnlyForDeploymentPostprocessing = 0;
		};
		203A49CE1A828C7300F02E56 /* Frameworks */ = {
			isa = PBXFrameworksBuildPhase;
			buildActionMask = 2147483647;
			files = (
			);
			runOnlyForDeploymentPostprocessing = 0;
		};
/* End PBXFrameworksBuildPhase section */

/* Begin PBXGroup section */
		201024C81A7B030F00F248F3 = {
			isa = PBXGroup;
			children = (
				205B984A1AD0ADE000B5E3D5 /* CorePlot-CocoaTouch.xcodeproj */,
				201024D31A7B030F00F248F3 /* BabyNinja */,
				201024ED1A7B030F00F248F3 /* BabyNinjaTests */,
				203A49D21A828C7300F02E56 /* BabyNinja WatchKit Extension */,
				203A49E41A828C7300F02E56 /* BabyNinja WatchKit App */,
				201024D21A7B030F00F248F3 /* Products */,
			);
			sourceTree = "<group>";
		};
		201024D21A7B030F00F248F3 /* Products */ = {
			isa = PBXGroup;
			children = (
				201024D11A7B030F00F248F3 /* BabyNinja.app */,
				201024EA1A7B030F00F248F3 /* BabyNinjaTests.xctest */,
				203A49D11A828C7300F02E56 /* BabyNinja WatchKit Extension.appex */,
				203A49E01A828C7300F02E56 /* BabyNinja WatchKit App.app */,
			);
			name = Products;
			sourceTree = "<group>";
		};
		201024D31A7B030F00F248F3 /* BabyNinja */ = {
			isa = PBXGroup;
			children = (
				205B98271ACB340700B5E3D5 /* Frameworks */,
				20440A651A97F0790066CB7F /* Models */,
				201024FA1A7B135F00F248F3 /* External Libraries */,
				201024FB1A7B135F00F248F3 /* Utilities */,
				201024FC1A7B135F00F248F3 /* ViewControllers */,
				201024D41A7B030F00F248F3 /* Supporting Files */,
				201024D81A7B030F00F248F3 /* AppDelegate.h */,
				201024D91A7B030F00F248F3 /* AppDelegate.m */,
				201024E11A7B030F00F248F3 /* Images.xcassets */,
				201024FE1A7B530E00F248F3 /* poop.png */,
			);
			path = BabyNinja;
			sourceTree = "<group>";
		};
		201024D41A7B030F00F248F3 /* Supporting Files */ = {
			isa = PBXGroup;
			children = (
				201024D51A7B030F00F248F3 /* Info.plist */,
				201024D61A7B030F00F248F3 /* main.m */,
				20A29CAD1AE0B8C4009936F5 /* BabyNinja.pch */,
			);
			name = "Supporting Files";
			sourceTree = "<group>";
		};
		201024ED1A7B030F00F248F3 /* BabyNinjaTests */ = {
			isa = PBXGroup;
			children = (
				201024F01A7B030F00F248F3 /* BabyNinjaTests.m */,
				201024EE1A7B030F00F248F3 /* Supporting Files */,
			);
			path = BabyNinjaTests;
			sourceTree = "<group>";
		};
		201024EE1A7B030F00F248F3 /* Supporting Files */ = {
			isa = PBXGroup;
			children = (
				201024EF1A7B030F00F248F3 /* Info.plist */,
			);
			name = "Supporting Files";
			sourceTree = "<group>";
		};
		201024FA1A7B135F00F248F3 /* External Libraries */ = {
			isa = PBXGroup;
			children = (
				20558F241AE967BB00A42961 /* WYPopoverController */,
				20F3BB2E1AA57DEA00C50831 /* TMCache */,
				20B3A8791A84884300B4C8CC /* ALRadial */,
				203A49B01A8165EE00F02E56 /* AFNetworking */,
				203A49981A809D9C00F02E56 /* ICSDrawerController */,
			);
			path = "External Libraries";
			sourceTree = "<group>";
		};
		201024FB1A7B135F00F248F3 /* Utilities */ = {
			isa = PBXGroup;
			children = (
				20A29CAA1AE0B65F009936F5 /* Constants.h */,
				20A29CAB1AE0B65F009936F5 /* Constants.m */,
			);
			path = Utilities;
			sourceTree = "<group>";
		};
		201024FC1A7B135F00F248F3 /* ViewControllers */ = {
			isa = PBXGroup;
			children = (
				203A499F1A809F7000F02E56 /* LeftSideController */,
				203A49A01A809F7000F02E56 /* MainViewController */,
				20BA8EEA1AAF4A2C00290220 /* LaunchScreenViewController.h */,
				20BA8EEB1AAF4A2C00290220 /* LaunchScreenViewController.m */,
				20BA8EEC1AAF4A2C00290220 /* LaunchScreenViewController.xib */,
				201332B91ADCD9E70012B498 /* LoginViewController.h */,
				201332BA1ADCD9E70012B498 /* LoginViewController.m */,
			);
			path = ViewControllers;
			sourceTree = "<group>";
		};
		203A49981A809D9C00F02E56 /* ICSDrawerController */ = {
			isa = PBXGroup;
			children = (
				203A49991A809D9C00F02E56 /* ICSDrawerController.h */,
				203A499A1A809D9C00F02E56 /* ICSDrawerController.m */,
				203A499B1A809D9C00F02E56 /* ICSDropShadowView.h */,
				203A499C1A809D9C00F02E56 /* ICSDropShadowView.m */,
			);
			path = ICSDrawerController;
			sourceTree = "<group>";
		};
		203A499F1A809F7000F02E56 /* LeftSideController */ = {
			isa = PBXGroup;
			children = (
				20BA8EDA1AAEBB4600290220 /* ReportListViewController.h */,
				20BA8EDB1AAEBB4600290220 /* ReportListViewController.m */,
				203A49A71A80A4E200F02E56 /* LeftSideController.h */,
				203A49A81A80A4F500F02E56 /* LeftSideController.m */,
				209753CC1AA0F35A00463D41 /* BabyProfileCell.h */,
				209753CD1AA0F35A00463D41 /* BabyProfileCell.m */,
				209753CF1AA0F36F00463D41 /* BabyProfileCell.xib */,
				209753D11AA15E2B00463D41 /* CareTakersListCell.h */,
				209753D21AA15E2B00463D41 /* CareTakersListCell.m */,
				209753D31AA15E2B00463D41 /* CareTakersListCell.xib */,
				209753D61AA16EAD00463D41 /* CustomTableFooter.h */,
				209753D71AA16EAD00463D41 /* CustomTableFooter.m */,
				209753D91AA16EC400463D41 /* CustomTableFooter.xib */,
				209753DB1AA1820600463D41 /* SettingsTableViewController.h */,
				209753DC1AA1820600463D41 /* SettingsTableViewController.m */,
				209753DE1AA29DA500463D41 /* ConfigurationViewController.h */,
				209753DF1AA29DA500463D41 /* ConfigurationViewController.m */,
				209753E01AA29DA500463D41 /* ConfigurationViewController.xib */,
				209753E31AA29F9B00463D41 /* ConfigurationTableViewCell.h */,
				209753E41AA29F9B00463D41 /* ConfigurationTableViewCell.m */,
				209753E51AA29F9B00463D41 /* ConfigurationTableViewCell.xib */,
				209753E81AA2B9BD00463D41 /* MilkSettingsViewController.h */,
				209753E91AA2B9BD00463D41 /* MilkSettingsViewController.m */,
				209753EA1AA2B9BD00463D41 /* MilkSettingsViewController.xib */,
				209753ED1AA2CF7F00463D41 /* ReminderSettingsViewController.h */,
				209753EE1AA2CF7F00463D41 /* ReminderSettingsViewController.m */,
				209753EF1AA2CF7F00463D41 /* ReminderSettingsViewController.xib */,
				209753F21AA2D5F500463D41 /* ReportsListViewController.h */,
				209753F31AA2D5F500463D41 /* ReportsListViewController.m */,
				209753F41AA2D5F500463D41 /* ReportsListViewController.xib */,
				209753F71AA3987600463D41 /* ReportScreenViewController.h */,
				209753F81AA3987600463D41 /* ReportScreenViewController.m */,
				209753F91AA3987600463D41 /* ReportScreenViewController.xib */,
				20C693411AA6411C0055B62F /* DiaperSettingsViewController.h */,
				20C693421AA6411C0055B62F /* DiaperSettingsViewController.m */,
				20C693431AA6411C0055B62F /* DiaperSettingsViewController.xib */,
				20A02DC81AAEB88B00A285C2 /* TimelineViewController.h */,
				20A02DC91AAEB88B00A285C2 /* TimelineViewController.m */,
				20A02DCA1AAEB88B00A285C2 /* TimelineViewController.xib */,
				20BA8EE51AAF289F00290220 /* SleepReportViewController.h */,
				20BA8EE61AAF289F00290220 /* SleepReportViewController.m */,
				20BA8EE71AAF289F00290220 /* SleepReportViewController.xib */,
			);
			path = LeftSideController;
			sourceTree = "<group>";
		};
		203A49A01A809F7000F02E56 /* MainViewController */ = {
			isa = PBXGroup;
			children = (
				203A49A11A809F7000F02E56 /* MainViewController.h */,
				203A49A21A809F7000F02E56 /* MainViewController.m */,
				203A49AE1A815DB200F02E56 /* MainViewController.xib */,
				20354A551AAEACF400B732D0 /* SleepModeViewController.h */,
				20354A561AAEACF400B732D0 /* SleepModeViewController.m */,
				20354A571AAEACF400B732D0 /* SleepModeViewController.xib */,
				20BA8EDD1AAECD8900290220 /* DiaperChangeViewController.h */,
				20BA8EDE1AAECD8900290220 /* DiaperChangeViewController.m */,
				20BA8EDF1AAECD8900290220 /* DiaperChangeViewController.xib */,
				201332BF1ADCDA010012B498 /* LoginViewController.xib */,
				20558F161AE95A7D00A42961 /* PoopTypeSelectionViewController.h */,
				20558F171AE95A7D00A42961 /* PoopTypeSelectionViewController.m */,
				20558F181AE95A7D00A42961 /* PoopTypeSelectionViewController.xib */,
			);
			path = MainViewController;
			sourceTree = "<group>";
		};
		203A49B01A8165EE00F02E56 /* AFNetworking */ = {
			isa = PBXGroup;
			children = (
				203A49B11A8165EE00F02E56 /* AFHTTPRequestOperation.h */,
				203A49B21A8165EE00F02E56 /* AFHTTPRequestOperation.m */,
				203A49B31A8165EE00F02E56 /* AFHTTPRequestOperationManager.h */,
				203A49B41A8165EE00F02E56 /* AFHTTPRequestOperationManager.m */,
				203A49B51A8165EE00F02E56 /* AFHTTPSessionManager.h */,
				203A49B61A8165EE00F02E56 /* AFHTTPSessionManager.m */,
				203A49B71A8165EE00F02E56 /* AFNetworking.h */,
				203A49B81A8165EE00F02E56 /* AFNetworkReachabilityManager.h */,
				203A49B91A8165EE00F02E56 /* AFNetworkReachabilityManager.m */,
				203A49BA1A8165EE00F02E56 /* AFSecurityPolicy.h */,
				203A49BB1A8165EE00F02E56 /* AFSecurityPolicy.m */,
				203A49BC1A8165EE00F02E56 /* AFURLConnectionOperation.h */,
				203A49BD1A8165EE00F02E56 /* AFURLConnectionOperation.m */,
				203A49BE1A8165EE00F02E56 /* AFURLRequestSerialization.h */,
				203A49BF1A8165EE00F02E56 /* AFURLRequestSerialization.m */,
				203A49C01A8165EE00F02E56 /* AFURLResponseSerialization.h */,
				203A49C11A8165EE00F02E56 /* AFURLResponseSerialization.m */,
				203A49C21A8165EE00F02E56 /* AFURLSessionManager.h */,
				203A49C31A8165EE00F02E56 /* AFURLSessionManager.m */,
			);
			path = AFNetworking;
			sourceTree = "<group>";
		};
		203A49D21A828C7300F02E56 /* BabyNinja WatchKit Extension */ = {
			isa = PBXGroup;
			children = (
				203A49D61A828C7300F02E56 /* InterfaceController.h */,
				203A49D71A828C7300F02E56 /* InterfaceController.m */,
				203A49D91A828C7300F02E56 /* NotificationController.h */,
				203A49DA1A828C7300F02E56 /* NotificationController.m */,
				206589DB1A8A61500019F21D /* TextureSelectionInterfaceController.h */,
				206589DC1A8A61500019F21D /* TextureSelectionInterfaceController.m */,
				203A49DC1A828C7300F02E56 /* Images.xcassets */,
				203A49D31A828C7300F02E56 /* Supporting Files */,
				206589DE1A8A666F0019F21D /* AlertInterfaceController.h */,
				206589DF1A8A666F0019F21D /* AlertInterfaceController.m */,
				20F3BB381AA609F900C50831 /* ColorSelectionInterfaceController.h */,
				20F3BB391AA609F900C50831 /* ColorSelectionInterfaceController.m */,
				20BA8EE21AAF258F00290220 /* SleepModeInterfaceController.h */,
				20BA8EE31AAF258F00290220 /* SleepModeInterfaceController.m */,
			);
			path = "BabyNinja WatchKit Extension";
			sourceTree = "<group>";
		};
		203A49D31A828C7300F02E56 /* Supporting Files */ = {
			isa = PBXGroup;
			children = (
				203A49D41A828C7300F02E56 /* Info.plist */,
				203A49D51A828C7300F02E56 /* PushNotificationPayload.apns */,
				20F3BB3B1AA60B9B00C50831 /* DiaperTypeInterfaceController.h */,
				20F3BB3C1AA60B9B00C50831 /* DiaperTypeInterfaceController.m */,
			);
			name = "Supporting Files";
			sourceTree = "<group>";
		};
		203A49E41A828C7300F02E56 /* BabyNinja WatchKit App */ = {
			isa = PBXGroup;
			children = (
				203A49E71A828C7300F02E56 /* Interface.storyboard */,
				203A49EA1A828C7300F02E56 /* Images.xcassets */,
				203A49E51A828C7300F02E56 /* Supporting Files */,
			);
			path = "BabyNinja WatchKit App";
			sourceTree = "<group>";
		};
		203A49E51A828C7300F02E56 /* Supporting Files */ = {
			isa = PBXGroup;
			children = (
				203A49E61A828C7300F02E56 /* Info.plist */,
			);
			name = "Supporting Files";
			sourceTree = "<group>";
		};
		20440A651A97F0790066CB7F /* Models */ = {
			isa = PBXGroup;
			children = (
				20440A661A97F0AE0066CB7F /* Baby.h */,
				20440A671A97F0AE0066CB7F /* Baby.m */,
				20440A691A97F0C70066CB7F /* CareTaker.h */,
				20440A6A1A97F0C70066CB7F /* CareTaker.m */,
			);
			path = Models;
			sourceTree = "<group>";
		};
		20558F241AE967BB00A42961 /* WYPopoverController */ = {
			isa = PBXGroup;
			children = (
				20558F251AE967F800A42961 /* WYPopoverController.h */,
				20558F261AE967F800A42961 /* WYPopoverController.m */,
				20558F271AE967F800A42961 /* WYStoryboardPopoverSegue.h */,
				20558F281AE967F800A42961 /* WYStoryboardPopoverSegue.m */,
			);
			name = WYPopoverController;
			sourceTree = "<group>";
		};
		205B98271ACB340700B5E3D5 /* Frameworks */ = {
			isa = PBXGroup;
			children = (
				205B98441ACB351200B5E3D5 /* libsqlite3.dylib */,
				2040F9961AD99C8A003B3110 /* FBSDKCoreKit.framework */,
				2040F9971AD99C8A003B3110 /* FBSDKLoginKit.framework */,
				2040F9981AD99C8A003B3110 /* FBSDKShareKit.framework */,
				205B98421ACB350900B5E3D5 /* libz.dylib */,
				205B98401ACB34FF00B5E3D5 /* SystemConfiguration.framework */,
				205B983E1ACB34F400B5E3D5 /* StoreKit.framework */,
				205B983C1ACB34EE00B5E3D5 /* Social.framework */,
				205B983A1ACB34E200B5E3D5 /* Security.framework */,
				205B98381ACB34DC00B5E3D5 /* QuartzCore.framework */,
				205B98361ACB34D200B5E3D5 /* MobileCoreServices.framework */,
				205B98341ACB34C600B5E3D5 /* CoreLocation.framework */,
				205B98321ACB34BD00B5E3D5 /* CoreGraphics.framework */,
				205B98301ACB34B400B5E3D5 /* CFNetwork.framework */,
				205B982E1ACB34AC00B5E3D5 /* AudioToolbox.framework */,
				205B982C1ACB349F00B5E3D5 /* Accounts.framework */,
				205B98281ACB343100B5E3D5 /* Bolts.framework */,
				205B98291ACB343100B5E3D5 /* Parse.framework */,
			);
			path = Frameworks;
			sourceTree = "<group>";
		};
		205B984B1AD0ADE000B5E3D5 /* Products */ = {
			isa = PBXGroup;
			children = (
				205B98511AD0ADE000B5E3D5 /* libCorePlot-CocoaTouch.a */,
			);
			name = Products;
			sourceTree = "<group>";
		};
		20B3A8791A84884300B4C8CC /* ALRadial */ = {
			isa = PBXGroup;
			children = (
				20B3A87A1A84884300B4C8CC /* ALRadialButton.h */,
				20B3A87B1A84884300B4C8CC /* ALRadialButton.m */,
				20B3A87C1A84884300B4C8CC /* ALRadialMenu.h */,
				20B3A87D1A84884300B4C8CC /* ALRadialMenu.m */,
			);
			path = ALRadial;
			sourceTree = "<group>";
		};
		20F3BB2E1AA57DEA00C50831 /* TMCache */ = {
			isa = PBXGroup;
			children = (
				20F3BB2F1AA57DEA00C50831 /* TMCache.h */,
				20F3BB301AA57DEA00C50831 /* TMCache.m */,
				20F3BB311AA57DEA00C50831 /* TMDiskCache.h */,
				20F3BB321AA57DEA00C50831 /* TMDiskCache.m */,
				20F3BB331AA57DEA00C50831 /* TMMemoryCache.h */,
				20F3BB341AA57DEA00C50831 /* TMMemoryCache.m */,
			);
			path = TMCache;
			sourceTree = "<group>";
		};
/* End PBXGroup section */

/* Begin PBXNativeTarget section */
		201024D01A7B030F00F248F3 /* BabyNinja */ = {
			isa = PBXNativeTarget;
			buildConfigurationList = 201024F41A7B030F00F248F3 /* Build configuration list for PBXNativeTarget "BabyNinja" */;
			buildPhases = (
				201024CD1A7B030F00F248F3 /* Sources */,
				201024CE1A7B030F00F248F3 /* Frameworks */,
				201024CF1A7B030F00F248F3 /* Resources */,
				203A49F51A828C7300F02E56 /* Embed App Extensions */,
			);
			buildRules = (
			);
			dependencies = (
				203A49ED1A828C7300F02E56 /* PBXTargetDependency */,
			);
			name = BabyNinja;
			productName = BabyNinja;
			productReference = 201024D11A7B030F00F248F3 /* BabyNinja.app */;
			productType = "com.apple.product-type.application";
		};
		201024E91A7B030F00F248F3 /* BabyNinjaTests */ = {
			isa = PBXNativeTarget;
			buildConfigurationList = 201024F71A7B030F00F248F3 /* Build configuration list for PBXNativeTarget "BabyNinjaTests" */;
			buildPhases = (
				201024E61A7B030F00F248F3 /* Sources */,
				201024E71A7B030F00F248F3 /* Frameworks */,
				201024E81A7B030F00F248F3 /* Resources */,
			);
			buildRules = (
			);
			dependencies = (
				201024EC1A7B030F00F248F3 /* PBXTargetDependency */,
			);
			name = BabyNinjaTests;
			productName = BabyNinjaTests;
			productReference = 201024EA1A7B030F00F248F3 /* BabyNinjaTests.xctest */;
			productType = "com.apple.product-type.bundle.unit-test";
		};
		203A49D01A828C7300F02E56 /* BabyNinja WatchKit Extension */ = {
			isa = PBXNativeTarget;
			buildConfigurationList = 203A49F41A828C7300F02E56 /* Build configuration list for PBXNativeTarget "BabyNinja WatchKit Extension" */;
			buildPhases = (
				203A49CD1A828C7300F02E56 /* Sources */,
				203A49CE1A828C7300F02E56 /* Frameworks */,
				203A49CF1A828C7300F02E56 /* Resources */,
			);
			buildRules = (
			);
			dependencies = (
				203A49E31A828C7300F02E56 /* PBXTargetDependency */,
			);
			name = "BabyNinja WatchKit Extension";
			productName = "BabyNinja WatchKit Extension";
			productReference = 203A49D11A828C7300F02E56 /* BabyNinja WatchKit Extension.appex */;
			productType = "com.apple.product-type.watchkit-extension";
		};
		203A49DF1A828C7300F02E56 /* BabyNinja WatchKit App */ = {
			isa = PBXNativeTarget;
			buildConfigurationList = 203A49F31A828C7300F02E56 /* Build configuration list for PBXNativeTarget "BabyNinja WatchKit App" */;
			buildPhases = (
				203A49DE1A828C7300F02E56 /* Resources */,
			);
			buildRules = (
			);
			dependencies = (
			);
			name = "BabyNinja WatchKit App";
			productName = "BabyNinja WatchKit App";
			productReference = 203A49E01A828C7300F02E56 /* BabyNinja WatchKit App.app */;
			productType = "com.apple.product-type.application.watchapp";
		};
/* End PBXNativeTarget section */

/* Begin PBXProject section */
		201024C91A7B030F00F248F3 /* Project object */ = {
			isa = PBXProject;
			attributes = {
				LastUpgradeCheck = 0620;
				ORGANIZATIONNAME = "TeamONE Software";
				TargetAttributes = {
					201024D01A7B030F00F248F3 = {
						CreatedOnToolsVersion = 6.2;
						DevelopmentTeam = PMZ3J4E6RV;
					};
					201024E91A7B030F00F248F3 = {
						CreatedOnToolsVersion = 6.2;
						TestTargetID = 201024D01A7B030F00F248F3;
					};
					203A49D01A828C7300F02E56 = {
						CreatedOnToolsVersion = 6.2;
					};
					203A49DF1A828C7300F02E56 = {
						CreatedOnToolsVersion = 6.2;
					};
				};
			};
			buildConfigurationList = 201024CC1A7B030F00F248F3 /* Build configuration list for PBXProject "BabyNinja" */;
			compatibilityVersion = "Xcode 3.2";
			developmentRegion = English;
			hasScannedForEncodings = 0;
			knownRegions = (
				en,
				Base,
			);
			mainGroup = 201024C81A7B030F00F248F3;
			productRefGroup = 201024D21A7B030F00F248F3 /* Products */;
			projectDirPath = "";
			projectReferences = (
				{
					ProductGroup = 205B984B1AD0ADE000B5E3D5 /* Products */;
					ProjectRef = 205B984A1AD0ADE000B5E3D5 /* CorePlot-CocoaTouch.xcodeproj */;
				},
			);
			projectRoot = "";
			targets = (
				201024D01A7B030F00F248F3 /* BabyNinja */,
				201024E91A7B030F00F248F3 /* BabyNinjaTests */,
				203A49D01A828C7300F02E56 /* BabyNinja WatchKit Extension */,
				203A49DF1A828C7300F02E56 /* BabyNinja WatchKit App */,
			);
		};
/* End PBXProject section */

/* Begin PBXReferenceProxy section */
		205B98511AD0ADE000B5E3D5 /* libCorePlot-CocoaTouch.a */ = {
			isa = PBXReferenceProxy;
			fileType = archive.ar;
			path = "libCorePlot-CocoaTouch.a";
			remoteRef = 205B98501AD0ADE000B5E3D5 /* PBXContainerItemProxy */;
			sourceTree = BUILT_PRODUCTS_DIR;
		};
/* End PBXReferenceProxy section */

/* Begin PBXResourcesBuildPhase section */
		201024CF1A7B030F00F248F3 /* Resources */ = {
			isa = PBXResourcesBuildPhase;
			buildActionMask = 2147483647;
			files = (
				209753DA1AA16EC400463D41 /* CustomTableFooter.xib in Resources */,
				209753E21AA29DA500463D41 /* ConfigurationViewController.xib in Resources */,
				209753FB1AA3987600463D41 /* ReportScreenViewController.xib in Resources */,
				201332C01ADCDA010012B498 /* LoginViewController.xib in Resources */,
				209753F61AA2D5F500463D41 /* ReportsListViewController.xib in Resources */,
				209753E71AA29F9B00463D41 /* ConfigurationTableViewCell.xib in Resources */,
				209753EC1AA2B9BD00463D41 /* MilkSettingsViewController.xib in Resources */,
				20BA8EE91AAF289F00290220 /* SleepReportViewController.xib in Resources */,
				203A49AF1A815DB200F02E56 /* MainViewController.xib in Resources */,
				20558F1A1AE95A7D00A42961 /* PoopTypeSelectionViewController.xib in Resources */,
				20C693451AA6411C0055B62F /* DiaperSettingsViewController.xib in Resources */,
				201024FF1A7B530E00F248F3 /* poop.png in Resources */,
				20BA8EE11AAECD8900290220 /* DiaperChangeViewController.xib in Resources */,
				201024E21A7B030F00F248F3 /* Images.xcassets in Resources */,
				209753D51AA15E2B00463D41 /* CareTakersListCell.xib in Resources */,
				209753D01AA0F36F00463D41 /* BabyProfileCell.xib in Resources */,
				20A02DCC1AAEB88B00A285C2 /* TimelineViewController.xib in Resources */,
				209753F11AA2CF7F00463D41 /* ReminderSettingsViewController.xib in Resources */,
				20354A591AAEACF400B732D0 /* SleepModeViewController.xib in Resources */,
				20BA8EEE1AAF4A2C00290220 /* LaunchScreenViewController.xib in Resources */,
			);
			runOnlyForDeploymentPostprocessing = 0;
		};
		201024E81A7B030F00F248F3 /* Resources */ = {
			isa = PBXResourcesBuildPhase;
			buildActionMask = 2147483647;
			files = (
			);
			runOnlyForDeploymentPostprocessing = 0;
		};
		203A49CF1A828C7300F02E56 /* Resources */ = {
			isa = PBXResourcesBuildPhase;
			buildActionMask = 2147483647;
			files = (
				203A49DD1A828C7300F02E56 /* Images.xcassets in Resources */,
				203A49E11A828C7300F02E56 /* BabyNinja WatchKit App.app in Resources */,
			);
			runOnlyForDeploymentPostprocessing = 0;
		};
		203A49DE1A828C7300F02E56 /* Resources */ = {
			isa = PBXResourcesBuildPhase;
			buildActionMask = 2147483647;
			files = (
				203A49E91A828C7300F02E56 /* Interface.storyboard in Resources */,
				203A49EB1A828C7300F02E56 /* Images.xcassets in Resources */,
			);
			runOnlyForDeploymentPostprocessing = 0;
		};
/* End PBXResourcesBuildPhase section */

/* Begin PBXSourcesBuildPhase section */
		201024CD1A7B030F00F248F3 /* Sources */ = {
			isa = PBXSourcesBuildPhase;
			buildActionMask = 2147483647;
			files = (
				209753F51AA2D5F500463D41 /* ReportsListViewController.m in Sources */,
				20558F191AE95A7D00A42961 /* PoopTypeSelectionViewController.m in Sources */,
				203A49CC1A8165EE00F02E56 /* AFURLSessionManager.m in Sources */,
				20BA8EE81AAF289F00290220 /* SleepReportViewController.m in Sources */,
				20C693441AA6411C0055B62F /* DiaperSettingsViewController.m in Sources */,
				20BA8EE01AAECD8900290220 /* DiaperChangeViewController.m in Sources */,
				20B3A87E1A84884300B4C8CC /* ALRadialButton.m in Sources */,
				209753E61AA29F9B00463D41 /* ConfigurationTableViewCell.m in Sources */,
				203A499D1A809D9C00F02E56 /* ICSDrawerController.m in Sources */,
				209753FA1AA3987600463D41 /* ReportScreenViewController.m in Sources */,
				20558F2A1AE967F800A42961 /* WYStoryboardPopoverSegue.m in Sources */,
				209753EB1AA2B9BD00463D41 /* MilkSettingsViewController.m in Sources */,
				20440A681A97F0AE0066CB7F /* Baby.m in Sources */,
				20BA8EED1AAF4A2C00290220 /* LaunchScreenViewController.m in Sources */,
				203A49A91A80A4F500F02E56 /* LeftSideController.m in Sources */,
				209753DD1AA1820600463D41 /* SettingsTableViewController.m in Sources */,
				203A49C71A8165EE00F02E56 /* AFNetworkReachabilityManager.m in Sources */,
				201024DA1A7B030F00F248F3 /* AppDelegate.m in Sources */,
				209753CE1AA0F35A00463D41 /* BabyProfileCell.m in Sources */,
				203A49C91A8165EE00F02E56 /* AFURLConnectionOperation.m in Sources */,
				203A49C61A8165EE00F02E56 /* AFHTTPSessionManager.m in Sources */,
				203A49CA1A8165EE00F02E56 /* AFURLRequestSerialization.m in Sources */,
				201024D71A7B030F00F248F3 /* main.m in Sources */,
				203A49A31A809F7000F02E56 /* MainViewController.m in Sources */,
				20F3BB361AA57DEA00C50831 /* TMDiskCache.m in Sources */,
				20A29CAC1AE0B65F009936F5 /* Constants.m in Sources */,
				20BA8EDC1AAEBB4600290220 /* ReportListViewController.m in Sources */,
				201332BB1ADCD9E70012B498 /* LoginViewController.m in Sources */,
				209753F01AA2CF7F00463D41 /* ReminderSettingsViewController.m in Sources */,
				209753D41AA15E2B00463D41 /* CareTakersListCell.m in Sources */,
				20440A6B1A97F0C70066CB7F /* CareTaker.m in Sources */,
				203A499E1A809D9C00F02E56 /* ICSDropShadowView.m in Sources */,
				20558F291AE967F800A42961 /* WYPopoverController.m in Sources */,
				203A49C51A8165EE00F02E56 /* AFHTTPRequestOperationManager.m in Sources */,
				20F3BB371AA57DEA00C50831 /* TMMemoryCache.m in Sources */,
				203A49C81A8165EE00F02E56 /* AFSecurityPolicy.m in Sources */,
				209753D81AA16EAD00463D41 /* CustomTableFooter.m in Sources */,
				20F3BB351AA57DEA00C50831 /* TMCache.m in Sources */,
				20A02DCB1AAEB88B00A285C2 /* TimelineViewController.m in Sources */,
				203A49CB1A8165EE00F02E56 /* AFURLResponseSerialization.m in Sources */,
				20B3A87F1A84884300B4C8CC /* ALRadialMenu.m in Sources */,
				20354A581AAEACF400B732D0 /* SleepModeViewController.m in Sources */,
				203A49C41A8165EE00F02E56 /* AFHTTPRequestOperation.m in Sources */,
				209753E11AA29DA500463D41 /* ConfigurationViewController.m in Sources */,
			);
			runOnlyForDeploymentPostprocessing = 0;
		};
		201024E61A7B030F00F248F3 /* Sources */ = {
			isa = PBXSourcesBuildPhase;
			buildActionMask = 2147483647;
			files = (
				201024F11A7B030F00F248F3 /* BabyNinjaTests.m in Sources */,
			);
			runOnlyForDeploymentPostprocessing = 0;
		};
		203A49CD1A828C7300F02E56 /* Sources */ = {
			isa = PBXSourcesBuildPhase;
			buildActionMask = 2147483647;
			files = (
				203A49DB1A828C7300F02E56 /* NotificationController.m in Sources */,
				20BA8EE41AAF258F00290220 /* SleepModeInterfaceController.m in Sources */,
				206589DD1A8A61500019F21D /* TextureSelectionInterfaceController.m in Sources */,
				206589E01A8A666F0019F21D /* AlertInterfaceController.m in Sources */,
				20F3BB3A1AA609F900C50831 /* ColorSelectionInterfaceController.m in Sources */,
				20F3BB3D1AA60B9B00C50831 /* DiaperTypeInterfaceController.m in Sources */,
				203A49D81A828C7300F02E56 /* InterfaceController.m in Sources */,
			);
			runOnlyForDeploymentPostprocessing = 0;
		};
/* End PBXSourcesBuildPhase section */

/* Begin PBXTargetDependency section */
		201024EC1A7B030F00F248F3 /* PBXTargetDependency */ = {
			isa = PBXTargetDependency;
			target = 201024D01A7B030F00F248F3 /* BabyNinja */;
			targetProxy = 201024EB1A7B030F00F248F3 /* PBXContainerItemProxy */;
		};
		203A49E31A828C7300F02E56 /* PBXTargetDependency */ = {
			isa = PBXTargetDependency;
			target = 203A49DF1A828C7300F02E56 /* BabyNinja WatchKit App */;
			targetProxy = 203A49E21A828C7300F02E56 /* PBXContainerItemProxy */;
		};
		203A49ED1A828C7300F02E56 /* PBXTargetDependency */ = {
			isa = PBXTargetDependency;
			target = 203A49D01A828C7300F02E56 /* BabyNinja WatchKit Extension */;
			targetProxy = 203A49EC1A828C7300F02E56 /* PBXContainerItemProxy */;
		};
/* End PBXTargetDependency section */

/* Begin PBXVariantGroup section */
		203A49E71A828C7300F02E56 /* Interface.storyboard */ = {
			isa = PBXVariantGroup;
			children = (
				203A49E81A828C7300F02E56 /* Base */,
			);
			name = Interface.storyboard;
			sourceTree = "<group>";
		};
/* End PBXVariantGroup section */

/* Begin XCBuildConfiguration section */
		201024F21A7B030F00F248F3 /* Debug */ = {
			isa = XCBuildConfiguration;
			buildSettings = {
				ALWAYS_SEARCH_USER_PATHS = NO;
				CLANG_CXX_LANGUAGE_STANDARD = "gnu++0x";
				CLANG_CXX_LIBRARY = "libc++";
				CLANG_ENABLE_MODULES = YES;
				CLANG_ENABLE_OBJC_ARC = YES;
				CLANG_WARN_BOOL_CONVERSION = YES;
				CLANG_WARN_CONSTANT_CONVERSION = YES;
				CLANG_WARN_DIRECT_OBJC_ISA_USAGE = YES_ERROR;
				CLANG_WARN_EMPTY_BODY = YES;
				CLANG_WARN_ENUM_CONVERSION = YES;
				CLANG_WARN_INT_CONVERSION = YES;
				CLANG_WARN_OBJC_ROOT_CLASS = YES_ERROR;
				CLANG_WARN_UNREACHABLE_CODE = YES;
				CLANG_WARN__DUPLICATE_METHOD_MATCH = YES;
				CODE_SIGN_IDENTITY = "iPhone Distribution: Mak Karvekar (PMZ3J4E6RV)";
				"CODE_SIGN_IDENTITY[sdk=iphoneos*]" = "iPhone Distribution: Mak Karvekar (PMZ3J4E6RV)";
				COPY_PHASE_STRIP = NO;
				ENABLE_STRICT_OBJC_MSGSEND = YES;
				GCC_C_LANGUAGE_STANDARD = gnu99;
				GCC_DYNAMIC_NO_PIC = NO;
				GCC_OPTIMIZATION_LEVEL = 0;
				GCC_PRECOMPILE_PREFIX_HEADER = YES;
				GCC_PREPROCESSOR_DEFINITIONS = (
					"DEBUG=1",
					"$(inherited)",
				);
				GCC_SYMBOLS_PRIVATE_EXTERN = NO;
				GCC_WARN_64_TO_32_BIT_CONVERSION = YES;
				GCC_WARN_ABOUT_RETURN_TYPE = YES_ERROR;
				GCC_WARN_UNDECLARED_SELECTOR = YES;
				GCC_WARN_UNINITIALIZED_AUTOS = YES_AGGRESSIVE;
				GCC_WARN_UNUSED_FUNCTION = YES;
				GCC_WARN_UNUSED_VARIABLE = YES;
				IPHONEOS_DEPLOYMENT_TARGET = 8.2;
				MTL_ENABLE_DEBUG_INFO = YES;
				ONLY_ACTIVE_ARCH = YES;
				PROVISIONING_PROFILE = "22451596-4e3d-498c-a538-d787c654472a";
				SDKROOT = iphoneos;
				TARGETED_DEVICE_FAMILY = "1,2";
			};
			name = Debug;
		};
		201024F31A7B030F00F248F3 /* Release */ = {
			isa = XCBuildConfiguration;
			buildSettings = {
				ALWAYS_SEARCH_USER_PATHS = NO;
				CLANG_CXX_LANGUAGE_STANDARD = "gnu++0x";
				CLANG_CXX_LIBRARY = "libc++";
				CLANG_ENABLE_MODULES = YES;
				CLANG_ENABLE_OBJC_ARC = YES;
				CLANG_WARN_BOOL_CONVERSION = YES;
				CLANG_WARN_CONSTANT_CONVERSION = YES;
				CLANG_WARN_DIRECT_OBJC_ISA_USAGE = YES_ERROR;
				CLANG_WARN_EMPTY_BODY = YES;
				CLANG_WARN_ENUM_CONVERSION = YES;
				CLANG_WARN_INT_CONVERSION = YES;
				CLANG_WARN_OBJC_ROOT_CLASS = YES_ERROR;
				CLANG_WARN_UNREACHABLE_CODE = YES;
				CLANG_WARN__DUPLICATE_METHOD_MATCH = YES;
				CODE_SIGN_IDENTITY = "iPhone Distribution: Mak Karvekar (PMZ3J4E6RV)";
				"CODE_SIGN_IDENTITY[sdk=iphoneos*]" = "iPhone Distribution: Mak Karvekar (PMZ3J4E6RV)";
				COPY_PHASE_STRIP = NO;
				ENABLE_NS_ASSERTIONS = NO;
				ENABLE_STRICT_OBJC_MSGSEND = YES;
				GCC_C_LANGUAGE_STANDARD = gnu99;
				GCC_PRECOMPILE_PREFIX_HEADER = YES;
				GCC_WARN_64_TO_32_BIT_CONVERSION = YES;
				GCC_WARN_ABOUT_RETURN_TYPE = YES_ERROR;
				GCC_WARN_UNDECLARED_SELECTOR = YES;
				GCC_WARN_UNINITIALIZED_AUTOS = YES_AGGRESSIVE;
				GCC_WARN_UNUSED_FUNCTION = YES;
				GCC_WARN_UNUSED_VARIABLE = YES;
				IPHONEOS_DEPLOYMENT_TARGET = 8.2;
				MTL_ENABLE_DEBUG_INFO = NO;
				PROVISIONING_PROFILE = "22451596-4e3d-498c-a538-d787c654472a";
				SDKROOT = iphoneos;
				TARGETED_DEVICE_FAMILY = "1,2";
				VALIDATE_PRODUCT = YES;
			};
			name = Release;
		};
		201024F51A7B030F00F248F3 /* Debug */ = {
			isa = XCBuildConfiguration;
			buildSettings = {
				ASSETCATALOG_COMPILER_APPICON_NAME = "AppIcon-1";
				ASSETCATALOG_COMPILER_LAUNCHIMAGE_NAME = LaunchImage;
				CODE_SIGN_IDENTITY = "iPhone Distribution: Mak Karvekar (PMZ3J4E6RV)";
				"CODE_SIGN_IDENTITY[sdk=iphoneos*]" = "iPhone Distribution: Mak Karvekar (PMZ3J4E6RV)";
				FRAMEWORK_SEARCH_PATHS = (
					"$(inherited)",
					"$(PROJECT_DIR)/BabyNinja/Frameworks",
					"$(PROJECT_DIR)/BabyNinja/Frameworks/FacebookSDK",
					/Users/sneha/Documents/FacebookSDK,
				);
				GCC_PRECOMPILE_PREFIX_HEADER = YES;
				GCC_PREFIX_HEADER = BabyNinja/BabyNinja.pch;
				INFOPLIST_FILE = BabyNinja/Info.plist;
				LD_RUNPATH_SEARCH_PATHS = "$(inherited) @executable_path/Frameworks";
				OTHER_LDFLAGS = "-ObjC";
				PRODUCT_NAME = "$(TARGET_NAME)";
				PROVISIONING_PROFILE = "22451596-4e3d-498c-a538-d787c654472a";
			};
			name = Debug;
		};
		201024F61A7B030F00F248F3 /* Release */ = {
			isa = XCBuildConfiguration;
			buildSettings = {
				ASSETCATALOG_COMPILER_APPICON_NAME = "AppIcon-1";
				ASSETCATALOG_COMPILER_LAUNCHIMAGE_NAME = LaunchImage;
				CODE_SIGN_IDENTITY = "iPhone Distribution: Mak Karvekar (PMZ3J4E6RV)";
				"CODE_SIGN_IDENTITY[sdk=iphoneos*]" = "iPhone Distribution: Mak Karvekar (PMZ3J4E6RV)";
				FRAMEWORK_SEARCH_PATHS = (
					"$(inherited)",
					"$(PROJECT_DIR)/BabyNinja/Frameworks",
					"$(PROJECT_DIR)/BabyNinja/Frameworks/FacebookSDK",
					/Users/sneha/Documents/FacebookSDK,
				);
				GCC_PRECOMPILE_PREFIX_HEADER = YES;
				GCC_PREFIX_HEADER = BabyNinja/BabyNinja.pch;
				INFOPLIST_FILE = BabyNinja/Info.plist;
				LD_RUNPATH_SEARCH_PATHS = "$(inherited) @executable_path/Frameworks";
				OTHER_LDFLAGS = "-ObjC";
				PRODUCT_NAME = "$(TARGET_NAME)";
				PROVISIONING_PROFILE = "22451596-4e3d-498c-a538-d787c654472a";
			};
			name = Release;
		};
		201024F81A7B030F00F248F3 /* Debug */ = {
			isa = XCBuildConfiguration;
			buildSettings = {
				BUNDLE_LOADER = "$(TEST_HOST)";
				FRAMEWORK_SEARCH_PATHS = (
					"$(SDKROOT)/Developer/Library/Frameworks",
					"$(inherited)",
				);
				GCC_PREPROCESSOR_DEFINITIONS = (
					"DEBUG=1",
					"$(inherited)",
				);
				INFOPLIST_FILE = BabyNinjaTests/Info.plist;
				LD_RUNPATH_SEARCH_PATHS = "$(inherited) @executable_path/Frameworks @loader_path/Frameworks";
				PRODUCT_NAME = "$(TARGET_NAME)";
				TEST_HOST = "$(BUILT_PRODUCTS_DIR)/BabyNinja.app/BabyNinja";
			};
			name = Debug;
		};
		201024F91A7B030F00F248F3 /* Release */ = {
			isa = XCBuildConfiguration;
			buildSettings = {
				BUNDLE_LOADER = "$(TEST_HOST)";
				FRAMEWORK_SEARCH_PATHS = (
					"$(SDKROOT)/Developer/Library/Frameworks",
					"$(inherited)",
				);
				INFOPLIST_FILE = BabyNinjaTests/Info.plist;
				LD_RUNPATH_SEARCH_PATHS = "$(inherited) @executable_path/Frameworks @loader_path/Frameworks";
				PRODUCT_NAME = "$(TARGET_NAME)";
				TEST_HOST = "$(BUILT_PRODUCTS_DIR)/BabyNinja.app/BabyNinja";
			};
			name = Release;
		};
		203A49EF1A828C7300F02E56 /* Debug */ = {
			isa = XCBuildConfiguration;
			buildSettings = {
				GCC_PREPROCESSOR_DEFINITIONS = (
					"DEBUG=1",
					"$(inherited)",
				);
				INFOPLIST_FILE = "BabyNinja WatchKit Extension/Info.plist";
				LD_RUNPATH_SEARCH_PATHS = "$(inherited) @executable_path/Frameworks @executable_path/../../Frameworks";
				PRODUCT_NAME = "${TARGET_NAME}";
				SKIP_INSTALL = YES;
			};
			name = Debug;
		};
		203A49F01A828C7300F02E56 /* Release */ = {
			isa = XCBuildConfiguration;
			buildSettings = {
				INFOPLIST_FILE = "BabyNinja WatchKit Extension/Info.plist";
				LD_RUNPATH_SEARCH_PATHS = "$(inherited) @executable_path/Frameworks @executable_path/../../Frameworks";
				PRODUCT_NAME = "${TARGET_NAME}";
				SKIP_INSTALL = YES;
			};
			name = Release;
		};
		203A49F11A828C7300F02E56 /* Debug */ = {
			isa = XCBuildConfiguration;
			buildSettings = {
				ASSETCATALOG_COMPILER_APPICON_NAME = "AppIcon-1";
				ASSETCATALOG_COMPILER_LAUNCHIMAGE_NAME = LaunchImage;
				GCC_PREPROCESSOR_DEFINITIONS = (
					"DEBUG=1",
					"$(inherited)",
				);
				IBSC_MODULE = BabyNinja_WatchKit_Extension;
				INFOPLIST_FILE = "BabyNinja WatchKit App/Info.plist";
				PRODUCT_NAME = "$(TARGET_NAME)";
				SKIP_INSTALL = YES;
				TARGETED_DEVICE_FAMILY = 4;
				"TARGETED_DEVICE_FAMILY[sdk=iphonesimulator*]" = "1,4";
			};
			name = Debug;
		};
		203A49F21A828C7300F02E56 /* Release */ = {
			isa = XCBuildConfiguration;
			buildSettings = {
				ASSETCATALOG_COMPILER_APPICON_NAME = "AppIcon-1";
				ASSETCATALOG_COMPILER_LAUNCHIMAGE_NAME = LaunchImage;
				IBSC_MODULE = BabyNinja_WatchKit_Extension;
				INFOPLIST_FILE = "BabyNinja WatchKit App/Info.plist";
				PRODUCT_NAME = "$(TARGET_NAME)";
				SKIP_INSTALL = YES;
				TARGETED_DEVICE_FAMILY = 4;
				"TARGETED_DEVICE_FAMILY[sdk=iphonesimulator*]" = "1,4";
			};
			name = Release;
		};
/* End XCBuildConfiguration section */

/* Begin XCConfigurationList section */
		201024CC1A7B030F00F248F3 /* Build configuration list for PBXProject "BabyNinja" */ = {
			isa = XCConfigurationList;
			buildConfigurations = (
				201024F21A7B030F00F248F3 /* Debug */,
				201024F31A7B030F00F248F3 /* Release */,
			);
			defaultConfigurationIsVisible = 0;
			defaultConfigurationName = Release;
		};
		201024F41A7B030F00F248F3 /* Build configuration list for PBXNativeTarget "BabyNinja" */ = {
			isa = XCConfigurationList;
			buildConfigurations = (
				201024F51A7B030F00F248F3 /* Debug */,
				201024F61A7B030F00F248F3 /* Release */,
			);
			defaultConfigurationIsVisible = 0;
			defaultConfigurationName = Release;
		};
		201024F71A7B030F00F248F3 /* Build configuration list for PBXNativeTarget "BabyNinjaTests" */ = {
			isa = XCConfigurationList;
			buildConfigurations = (
				201024F81A7B030F00F248F3 /* Debug */,
				201024F91A7B030F00F248F3 /* Release */,
			);
			defaultConfigurationIsVisible = 0;
			defaultConfigurationName = Release;
		};
		203A49F31A828C7300F02E56 /* Build configuration list for PBXNativeTarget "BabyNinja WatchKit App" */ = {
			isa = XCConfigurationList;
			buildConfigurations = (
				203A49F11A828C7300F02E56 /* Debug */,
				203A49F21A828C7300F02E56 /* Release */,
			);
			defaultConfigurationIsVisible = 0;
			defaultConfigurationName = Release;
		};
		203A49F41A828C7300F02E56 /* Build configuration list for PBXNativeTarget "BabyNinja WatchKit Extension" */ = {
			isa = XCConfigurationList;
			buildConfigurations = (
				203A49EF1A828C7300F02E56 /* Debug */,
				203A49F01A828C7300F02E56 /* Release */,
			);
			defaultConfigurationIsVisible = 0;
			defaultConfigurationName = Release;
		};
/* End XCConfigurationList section */
	};
	rootObject = 201024C91A7B030F00F248F3 /* Project object */;
}
