// !$*UTF8*$!
{
	archiveVersion = 1;
	classes = {
	};
	objectVersion = 46;
	objects = {

/* Begin PBXBuildFile section */
		201024D71A7B030F00F248F3 /* main.m in Sources */ = {isa = PBXBuildFile; fileRef = 201024D61A7B030F00F248F3 /* main.m */; };
		201024DA1A7B030F00F248F3 /* AppDelegate.m in Sources */ = {isa = PBXBuildFile; fileRef = 201024D91A7B030F00F248F3 /* AppDelegate.m */; };
		201024E21A7B030F00F248F3 /* Images.xcassets in Resources */ = {isa = PBXBuildFile; fileRef = 201024E11A7B030F00F248F3 /* Images.xcassets */; };
		201024F11A7B030F00F248F3 /* BabyNinjaTests.m in Sources */ = {isa = PBXBuildFile; fileRef = 201024F01A7B030F00F248F3 /* BabyNinjaTests.m */; };
		201024FF1A7B530E00F248F3 /* poop.png in Resources */ = {isa = PBXBuildFile; fileRef = 201024FE1A7B530E00F248F3 /* poop.png */; };
		203A499D1A809D9C00F02E56 /* ICSDrawerController.m in Sources */ = {isa = PBXBuildFile; fileRef = 203A499A1A809D9C00F02E56 /* ICSDrawerController.m */; };
		203A499E1A809D9C00F02E56 /* ICSDropShadowView.m in Sources */ = {isa = PBXBuildFile; fileRef = 203A499C1A809D9C00F02E56 /* ICSDropShadowView.m */; };
		203A49A31A809F7000F02E56 /* MainViewController.m in Sources */ = {isa = PBXBuildFile; fileRef = 203A49A21A809F7000F02E56 /* MainViewController.m */; };
		203A49A91A80A4F500F02E56 /* LeftSideController.m in Sources */ = {isa = PBXBuildFile; fileRef = 203A49A81A80A4F500F02E56 /* LeftSideController.m */; };
		203A49AB1A80AF9200F02E56 /* iphone6P.png in Resources */ = {isa = PBXBuildFile; fileRef = 203A49AA1A80AF9200F02E56 /* iphone6P.png */; };
		203A49AD1A80B01E00F02E56 /* iphone.png in Resources */ = {isa = PBXBuildFile; fileRef = 203A49AC1A80B01E00F02E56 /* iphone.png */; };
		203A49AF1A815DB200F02E56 /* MainViewController.xib in Resources */ = {isa = PBXBuildFile; fileRef = 203A49AE1A815DB200F02E56 /* MainViewController.xib */; };
		203A49C41A8165EE00F02E56 /* AFHTTPRequestOperation.m in Sources */ = {isa = PBXBuildFile; fileRef = 203A49B21A8165EE00F02E56 /* AFHTTPRequestOperation.m */; };
		203A49C51A8165EE00F02E56 /* AFHTTPRequestOperationManager.m in Sources */ = {isa = PBXBuildFile; fileRef = 203A49B41A8165EE00F02E56 /* AFHTTPRequestOperationManager.m */; };
		203A49C61A8165EE00F02E56 /* AFHTTPSessionManager.m in Sources */ = {isa = PBXBuildFile; fileRef = 203A49B61A8165EE00F02E56 /* AFHTTPSessionManager.m */; };
		203A49C71A8165EE00F02E56 /* AFNetworkReachabilityManager.m in Sources */ = {isa = PBXBuildFile; fileRef = 203A49B91A8165EE00F02E56 /* AFNetworkReachabilityManager.m */; };
		203A49C81A8165EE00F02E56 /* AFSecurityPolicy.m in Sources */ = {isa = PBXBuildFile; fileRef = 203A49BB1A8165EE00F02E56 /* AFSecurityPolicy.m */; };
		203A49C91A8165EE00F02E56 /* AFURLConnectionOperation.m in Sources */ = {isa = PBXBuildFile; fileRef = 203A49BD1A8165EE00F02E56 /* AFURLConnectionOperation.m */; };
		203A49CA1A8165EE00F02E56 /* AFURLRequestSerialization.m in Sources */ = {isa = PBXBuildFile; fileRef = 203A49BF1A8165EE00F02E56 /* AFURLRequestSerialization.m */; };
		203A49CB1A8165EE00F02E56 /* AFURLResponseSerialization.m in Sources */ = {isa = PBXBuildFile; fileRef = 203A49C11A8165EE00F02E56 /* AFURLResponseSerialization.m */; };
		203A49CC1A8165EE00F02E56 /* AFURLSessionManager.m in Sources */ = {isa = PBXBuildFile; fileRef = 203A49C31A8165EE00F02E56 /* AFURLSessionManager.m */; };
		203A49D81A828C7300F02E56 /* InterfaceController.m in Sources */ = {isa = PBXBuildFile; fileRef = 203A49D71A828C7300F02E56 /* InterfaceController.m */; };
		203A49DB1A828C7300F02E56 /* NotificationController.m in Sources */ = {isa = PBXBuildFile; fileRef = 203A49DA1A828C7300F02E56 /* NotificationController.m */; };
		203A49DD1A828C7300F02E56 /* Images.xcassets in Resources */ = {isa = PBXBuildFile; fileRef = 203A49DC1A828C7300F02E56 /* Images.xcassets */; };
		203A49E11A828C7300F02E56 /* BabyNinja WatchKit App.app in Resources */ = {isa = PBXBuildFile; fileRef = 203A49E01A828C7300F02E56 /* BabyNinja WatchKit App.app */; };
		203A49E91A828C7300F02E56 /* Interface.storyboard in Resources */ = {isa = PBXBuildFile; fileRef = 203A49E71A828C7300F02E56 /* Interface.storyboard */; };
		203A49EB1A828C7300F02E56 /* Images.xcassets in Resources */ = {isa = PBXBuildFile; fileRef = 203A49EA1A828C7300F02E56 /* Images.xcassets */; };
		203A49EE1A828C7300F02E56 /* BabyNinja WatchKit Extension.appex in Embed App Extensions */ = {isa = PBXBuildFile; fileRef = 203A49D11A828C7300F02E56 /* BabyNinja WatchKit Extension.appex */; settings = {ATTRIBUTES = (RemoveHeadersOnCopy, ); }; };
		206589DD1A8A61500019F21D /* TextureSelectionInterfaceController.m in Sources */ = {isa = PBXBuildFile; fileRef = 206589DC1A8A61500019F21D /* TextureSelectionInterfaceController.m */; };
		206589E01A8A666F0019F21D /* AlertInterfaceController.m in Sources */ = {isa = PBXBuildFile; fileRef = 206589DF1A8A666F0019F21D /* AlertInterfaceController.m */; };
		20B3A87E1A84884300B4C8CC /* ALRadialButton.m in Sources */ = {isa = PBXBuildFile; fileRef = 20B3A87B1A84884300B4C8CC /* ALRadialButton.m */; };
		20B3A87F1A84884300B4C8CC /* ALRadialMenu.m in Sources */ = {isa = PBXBuildFile; fileRef = 20B3A87D1A84884300B4C8CC /* ALRadialMenu.m */; };
/* End PBXBuildFile section */

/* Begin PBXContainerItemProxy section */
		201024EB1A7B030F00F248F3 /* PBXContainerItemProxy */ = {
			isa = PBXContainerItemProxy;
			containerPortal = 201024C91A7B030F00F248F3 /* Project object */;
			proxyType = 1;
			remoteGlobalIDString = 201024D01A7B030F00F248F3;
			remoteInfo = BabyNinja;
		};
		203A49E21A828C7300F02E56 /* PBXContainerItemProxy */ = {
			isa = PBXContainerItemProxy;
			containerPortal = 201024C91A7B030F00F248F3 /* Project object */;
			proxyType = 1;
			remoteGlobalIDString = 203A49DF1A828C7300F02E56;
			remoteInfo = "BabyNinja WatchKit App";
		};
		203A49EC1A828C7300F02E56 /* PBXContainerItemProxy */ = {
			isa = PBXContainerItemProxy;
			containerPortal = 201024C91A7B030F00F248F3 /* Project object */;
			proxyType = 1;
			remoteGlobalIDString = 203A49D01A828C7300F02E56;
			remoteInfo = "BabyNinja WatchKit Extension";
		};
/* End PBXContainerItemProxy section */

/* Begin PBXCopyFilesBuildPhase section */
		203A49F51A828C7300F02E56 /* Embed App Extensions */ = {
			isa = PBXCopyFilesBuildPhase;
			buildActionMask = 2147483647;
			dstPath = "";
			dstSubfolderSpec = 13;
			files = (
				203A49EE1A828C7300F02E56 /* BabyNinja WatchKit Extension.appex in Embed App Extensions */,
			);
			name = "Embed App Extensions";
			runOnlyForDeploymentPostprocessing = 0;
		};
/* End PBXCopyFilesBuildPhase section */

/* Begin PBXFileReference section */
		201024D11A7B030F00F248F3 /* BabyNinja.app */ = {isa = PBXFileReference; explicitFileType = wrapper.application; includeInIndex = 0; path = BabyNinja.app; sourceTree = BUILT_PRODUCTS_DIR; };
		201024D51A7B030F00F248F3 /* Info.plist */ = {isa = PBXFileReference; lastKnownFileType = text.plist.xml; path = Info.plist; sourceTree = "<group>"; };
		201024D61A7B030F00F248F3 /* main.m */ = {isa = PBXFileReference; lastKnownFileType = sourcecode.c.objc; path = main.m; sourceTree = "<group>"; };
		201024D81A7B030F00F248F3 /* AppDelegate.h */ = {isa = PBXFileReference; lastKnownFileType = sourcecode.c.h; path = AppDelegate.h; sourceTree = "<group>"; };
		201024D91A7B030F00F248F3 /* AppDelegate.m */ = {isa = PBXFileReference; lastKnownFileType = sourcecode.c.objc; path = AppDelegate.m; sourceTree = "<group>"; };
		201024E11A7B030F00F248F3 /* Images.xcassets */ = {isa = PBXFileReference; lastKnownFileType = folder.assetcatalog; path = Images.xcassets; sourceTree = "<group>"; };
		201024EA1A7B030F00F248F3 /* BabyNinjaTests.xctest */ = {isa = PBXFileReference; explicitFileType = wrapper.cfbundle; includeInIndex = 0; path = BabyNinjaTests.xctest; sourceTree = BUILT_PRODUCTS_DIR; };
		201024EF1A7B030F00F248F3 /* Info.plist */ = {isa = PBXFileReference; lastKnownFileType = text.plist.xml; path = Info.plist; sourceTree = "<group>"; };
		201024F01A7B030F00F248F3 /* BabyNinjaTests.m */ = {isa = PBXFileReference; lastKnownFileType = sourcecode.c.objc; path = BabyNinjaTests.m; sourceTree = "<group>"; };
		201024FE1A7B530E00F248F3 /* poop.png */ = {isa = PBXFileReference; lastKnownFileType = image.png; name = poop.png; path = Images/poop.png; sourceTree = "<group>"; };
		203A49991A809D9C00F02E56 /* ICSDrawerController.h */ = {isa = PBXFileReference; fileEncoding = 4; lastKnownFileType = sourcecode.c.h; path = ICSDrawerController.h; sourceTree = "<group>"; };
		203A499A1A809D9C00F02E56 /* ICSDrawerController.m */ = {isa = PBXFileReference; fileEncoding = 4; lastKnownFileType = sourcecode.c.objc; path = ICSDrawerController.m; sourceTree = "<group>"; };
		203A499B1A809D9C00F02E56 /* ICSDropShadowView.h */ = {isa = PBXFileReference; fileEncoding = 4; lastKnownFileType = sourcecode.c.h; path = ICSDropShadowView.h; sourceTree = "<group>"; };
		203A499C1A809D9C00F02E56 /* ICSDropShadowView.m */ = {isa = PBXFileReference; fileEncoding = 4; lastKnownFileType = sourcecode.c.objc; path = ICSDropShadowView.m; sourceTree = "<group>"; };
		203A49A11A809F7000F02E56 /* MainViewController.h */ = {isa = PBXFileReference; fileEncoding = 4; lastKnownFileType = sourcecode.c.h; path = MainViewController.h; sourceTree = "<group>"; };
		203A49A21A809F7000F02E56 /* MainViewController.m */ = {isa = PBXFileReference; fileEncoding = 4; lastKnownFileType = sourcecode.c.objc; path = MainViewController.m; sourceTree = "<group>"; };
		203A49A71A80A4E200F02E56 /* LeftSideController.h */ = {isa = PBXFileReference; lastKnownFileType = sourcecode.c.h; path = LeftSideController.h; sourceTree = "<group>"; };
		203A49A81A80A4F500F02E56 /* LeftSideController.m */ = {isa = PBXFileReference; fileEncoding = 4; lastKnownFileType = sourcecode.c.objc; path = LeftSideController.m; sourceTree = "<group>"; };
		203A49AA1A80AF9200F02E56 /* iphone6P.png */ = {isa = PBXFileReference; lastKnownFileType = image.png; path = iphone6P.png; sourceTree = "<group>"; };
		203A49AC1A80B01E00F02E56 /* iphone.png */ = {isa = PBXFileReference; lastKnownFileType = image.png; path = iphone.png; sourceTree = "<group>"; };
		203A49AE1A815DB200F02E56 /* MainViewController.xib */ = {isa = PBXFileReference; fileEncoding = 4; lastKnownFileType = file.xib; path = MainViewController.xib; sourceTree = "<group>"; };
		203A49B11A8165EE00F02E56 /* AFHTTPRequestOperation.h */ = {isa = PBXFileReference; fileEncoding = 4; lastKnownFileType = sourcecode.c.h; path = AFHTTPRequestOperation.h; sourceTree = "<group>"; };
		203A49B21A8165EE00F02E56 /* AFHTTPRequestOperation.m */ = {isa = PBXFileReference; fileEncoding = 4; lastKnownFileType = sourcecode.c.objc; path = AFHTTPRequestOperation.m; sourceTree = "<group>"; };
		203A49B31A8165EE00F02E56 /* AFHTTPRequestOperationManager.h */ = {isa = PBXFileReference; fileEncoding = 4; lastKnownFileType = sourcecode.c.h; path = AFHTTPRequestOperationManager.h; sourceTree = "<group>"; };
		203A49B41A8165EE00F02E56 /* AFHTTPRequestOperationManager.m */ = {isa = PBXFileReference; fileEncoding = 4; lastKnownFileType = sourcecode.c.objc; path = AFHTTPRequestOperationManager.m; sourceTree = "<group>"; };
		203A49B51A8165EE00F02E56 /* AFHTTPSessionManager.h */ = {isa = PBXFileReference; fileEncoding = 4; lastKnownFileType = sourcecode.c.h; path = AFHTTPSessionManager.h; sourceTree = "<group>"; };
		203A49B61A8165EE00F02E56 /* AFHTTPSessionManager.m */ = {isa = PBXFileReference; fileEncoding = 4; lastKnownFileType = sourcecode.c.objc; path = AFHTTPSessionManager.m; sourceTree = "<group>"; };
		203A49B71A8165EE00F02E56 /* AFNetworking.h */ = {isa = PBXFileReference; fileEncoding = 4; lastKnownFileType = sourcecode.c.h; path = AFNetworking.h; sourceTree = "<group>"; };
		203A49B81A8165EE00F02E56 /* AFNetworkReachabilityManager.h */ = {isa = PBXFileReference; fileEncoding = 4; lastKnownFileType = sourcecode.c.h; path = AFNetworkReachabilityManager.h; sourceTree = "<group>"; };
		203A49B91A8165EE00F02E56 /* AFNetworkReachabilityManager.m */ = {isa = PBXFileReference; fileEncoding = 4; lastKnownFileType = sourcecode.c.objc; path = AFNetworkReachabilityManager.m; sourceTree = "<group>"; };
		203A49BA1A8165EE00F02E56 /* AFSecurityPolicy.h */ = {isa = PBXFileReference; fileEncoding = 4; lastKnownFileType = sourcecode.c.h; path = AFSecurityPolicy.h; sourceTree = "<group>"; };
		203A49BB1A8165EE00F02E56 /* AFSecurityPolicy.m */ = {isa = PBXFileReference; fileEncoding = 4; lastKnownFileType = sourcecode.c.objc; path = AFSecurityPolicy.m; sourceTree = "<group>"; };
		203A49BC1A8165EE00F02E56 /* AFURLConnectionOperation.h */ = {isa = PBXFileReference; fileEncoding = 4; lastKnownFileType = sourcecode.c.h; path = AFURLConnectionOperation.h; sourceTree = "<group>"; };
		203A49BD1A8165EE00F02E56 /* AFURLConnectionOperation.m */ = {isa = PBXFileReference; fileEncoding = 4; lastKnownFileType = sourcecode.c.objc; path = AFURLConnectionOperation.m; sourceTree = "<group>"; };
		203A49BE1A8165EE00F02E56 /* AFURLRequestSerialization.h */ = {isa = PBXFileReference; fileEncoding = 4; lastKnownFileType = sourcecode.c.h; path = AFURLRequestSerialization.h; sourceTree = "<group>"; };
		203A49BF1A8165EE00F02E56 /* AFURLRequestSerialization.m */ = {isa = PBXFileReference; fileEncoding = 4; lastKnownFileType = sourcecode.c.objc; path = AFURLRequestSerialization.m; sourceTree = "<group>"; };
		203A49C01A8165EE00F02E56 /* AFURLResponseSerialization.h */ = {isa = PBXFileReference; fileEncoding = 4; lastKnownFileType = sourcecode.c.h; path = AFURLResponseSerialization.h; sourceTree = "<group>"; };
		203A49C11A8165EE00F02E56 /* AFURLResponseSerialization.m */ = {isa = PBXFileReference; fileEncoding = 4; lastKnownFileType = sourcecode.c.objc; path = AFURLResponseSerialization.m; sourceTree = "<group>"; };
		203A49C21A8165EE00F02E56 /* AFURLSessionManager.h */ = {isa = PBXFileReference; fileEncoding = 4; lastKnownFileType = sourcecode.c.h; path = AFURLSessionManager.h; sourceTree = "<group>"; };
		203A49C31A8165EE00F02E56 /* AFURLSessionManager.m */ = {isa = PBXFileReference; fileEncoding = 4; lastKnownFileType = sourcecode.c.objc; path = AFURLSessionManager.m; sourceTree = "<group>"; };
		203A49D11A828C7300F02E56 /* BabyNinja WatchKit Extension.appex */ = {isa = PBXFileReference; explicitFileType = "wrapper.app-extension"; includeInIndex = 0; path = "BabyNinja WatchKit Extension.appex"; sourceTree = BUILT_PRODUCTS_DIR; };
		203A49D41A828C7300F02E56 /* Info.plist */ = {isa = PBXFileReference; lastKnownFileType = text.plist.xml; path = Info.plist; sourceTree = "<group>"; };
		203A49D51A828C7300F02E56 /* PushNotificationPayload.apns */ = {isa = PBXFileReference; lastKnownFileType = text; path = PushNotificationPayload.apns; sourceTree = "<group>"; };
		203A49D61A828C7300F02E56 /* InterfaceController.h */ = {isa = PBXFileReference; lastKnownFileType = sourcecode.c.h; path = InterfaceController.h; sourceTree = "<group>"; };
		203A49D71A828C7300F02E56 /* InterfaceController.m */ = {isa = PBXFileReference; lastKnownFileType = sourcecode.c.objc; path = InterfaceController.m; sourceTree = "<group>"; };
		203A49D91A828C7300F02E56 /* NotificationController.h */ = {isa = PBXFileReference; lastKnownFileType = sourcecode.c.h; path = NotificationController.h; sourceTree = "<group>"; };
		203A49DA1A828C7300F02E56 /* NotificationController.m */ = {isa = PBXFileReference; lastKnownFileType = sourcecode.c.objc; path = NotificationController.m; sourceTree = "<group>"; };
		203A49DC1A828C7300F02E56 /* Images.xcassets */ = {isa = PBXFileReference; lastKnownFileType = folder.assetcatalog; path = Images.xcassets; sourceTree = "<group>"; };
		203A49E01A828C7300F02E56 /* BabyNinja WatchKit App.app */ = {isa = PBXFileReference; explicitFileType = wrapper.application; includeInIndex = 0; path = "BabyNinja WatchKit App.app"; sourceTree = BUILT_PRODUCTS_DIR; };
		203A49E61A828C7300F02E56 /* Info.plist */ = {isa = PBXFileReference; lastKnownFileType = text.plist.xml; path = Info.plist; sourceTree = "<group>"; };
		203A49E81A828C7300F02E56 /* Base */ = {isa = PBXFileReference; lastKnownFileType = file.storyboard; name = Base; path = Base.lproj/Interface.storyboard; sourceTree = "<group>"; };
		203A49EA1A828C7300F02E56 /* Images.xcassets */ = {isa = PBXFileReference; lastKnownFileType = folder.assetcatalog; path = Images.xcassets; sourceTree = "<group>"; };
		206589DB1A8A61500019F21D /* TextureSelectionInterfaceController.h */ = {isa = PBXFileReference; fileEncoding = 4; lastKnownFileType = sourcecode.c.h; path = TextureSelectionInterfaceController.h; sourceTree = "<group>"; };
		206589DC1A8A61500019F21D /* TextureSelectionInterfaceController.m */ = {isa = PBXFileReference; fileEncoding = 4; lastKnownFileType = sourcecode.c.objc; path = TextureSelectionInterfaceController.m; sourceTree = "<group>"; };
		206589DE1A8A666F0019F21D /* AlertInterfaceController.h */ = {isa = PBXFileReference; fileEncoding = 4; lastKnownFileType = sourcecode.c.h; path = AlertInterfaceController.h; sourceTree = "<group>"; };
		206589DF1A8A666F0019F21D /* AlertInterfaceController.m */ = {isa = PBXFileReference; fileEncoding = 4; lastKnownFileType = sourcecode.c.objc; path = AlertInterfaceController.m; sourceTree = "<group>"; };
		20B3A87A1A84884300B4C8CC /* ALRadialButton.h */ = {isa = PBXFileReference; fileEncoding = 4; lastKnownFileType = sourcecode.c.h; path = ALRadialButton.h; sourceTree = "<group>"; };
		20B3A87B1A84884300B4C8CC /* ALRadialButton.m */ = {isa = PBXFileReference; fileEncoding = 4; lastKnownFileType = sourcecode.c.objc; path = ALRadialButton.m; sourceTree = "<group>"; };
		20B3A87C1A84884300B4C8CC /* ALRadialMenu.h */ = {isa = PBXFileReference; fileEncoding = 4; lastKnownFileType = sourcecode.c.h; path = ALRadialMenu.h; sourceTree = "<group>"; };
		20B3A87D1A84884300B4C8CC /* ALRadialMenu.m */ = {isa = PBXFileReference; fileEncoding = 4; lastKnownFileType = sourcecode.c.objc; path = ALRadialMenu.m; sourceTree = "<group>"; };
/* End PBXFileReference section */

/* Begin PBXFrameworksBuildPhase section */
		201024CE1A7B030F00F248F3 /* Frameworks */ = {
			isa = PBXFrameworksBuildPhase;
			buildActionMask = 2147483647;
			files = (
			);
			runOnlyForDeploymentPostprocessing = 0;
		};
		201024E71A7B030F00F248F3 /* Frameworks */ = {
			isa = PBXFrameworksBuildPhase;
			buildActionMask = 2147483647;
			files = (
			);
			runOnlyForDeploymentPostprocessing = 0;
		};
		203A49CE1A828C7300F02E56 /* Frameworks */ = {
			isa = PBXFrameworksBuildPhase;
			buildActionMask = 2147483647;
			files = (
			);
			runOnlyForDeploymentPostprocessing = 0;
		};
/* End PBXFrameworksBuildPhase section */

/* Begin PBXGroup section */
		201024C81A7B030F00F248F3 = {
			isa = PBXGroup;
			children = (
				201024D31A7B030F00F248F3 /* BabyNinja */,
				201024ED1A7B030F00F248F3 /* BabyNinjaTests */,
				203A49D21A828C7300F02E56 /* BabyNinja WatchKit Extension */,
				203A49E41A828C7300F02E56 /* BabyNinja WatchKit App */,
				201024D21A7B030F00F248F3 /* Products */,
			);
			sourceTree = "<group>";
		};
		201024D21A7B030F00F248F3 /* Products */ = {
			isa = PBXGroup;
			children = (
				201024D11A7B030F00F248F3 /* BabyNinja.app */,
				201024EA1A7B030F00F248F3 /* BabyNinjaTests.xctest */,
				203A49D11A828C7300F02E56 /* BabyNinja WatchKit Extension.appex */,
				203A49E01A828C7300F02E56 /* BabyNinja WatchKit App.app */,
			);
			name = Products;
			sourceTree = "<group>";
		};
		201024D31A7B030F00F248F3 /* BabyNinja */ = {
			isa = PBXGroup;
			children = (
				201024FD1A7B530E00F248F3 /* Images */,
				201024FA1A7B135F00F248F3 /* External Libraries */,
				201024FB1A7B135F00F248F3 /* Utilities */,
				201024FC1A7B135F00F248F3 /* ViewControllers */,
				201024D41A7B030F00F248F3 /* Supporting Files */,
				201024D81A7B030F00F248F3 /* AppDelegate.h */,
				201024D91A7B030F00F248F3 /* AppDelegate.m */,
				201024E11A7B030F00F248F3 /* Images.xcassets */,
				201024FE1A7B530E00F248F3 /* poop.png */,
			);
			path = BabyNinja;
			sourceTree = "<group>";
		};
		201024D41A7B030F00F248F3 /* Supporting Files */ = {
			isa = PBXGroup;
			children = (
				201024D51A7B030F00F248F3 /* Info.plist */,
				201024D61A7B030F00F248F3 /* main.m */,
			);
			name = "Supporting Files";
			sourceTree = "<group>";
		};
		201024ED1A7B030F00F248F3 /* BabyNinjaTests */ = {
			isa = PBXGroup;
			children = (
				201024F01A7B030F00F248F3 /* BabyNinjaTests.m */,
				201024EE1A7B030F00F248F3 /* Supporting Files */,
			);
			path = BabyNinjaTests;
			sourceTree = "<group>";
		};
		201024EE1A7B030F00F248F3 /* Supporting Files */ = {
			isa = PBXGroup;
			children = (
				201024EF1A7B030F00F248F3 /* Info.plist */,
			);
			name = "Supporting Files";
			sourceTree = "<group>";
		};
		201024FA1A7B135F00F248F3 /* External Libraries */ = {
			isa = PBXGroup;
			children = (
				20B3A8791A84884300B4C8CC /* ALRadial */,
				203A49B01A8165EE00F02E56 /* AFNetworking */,
				203A49981A809D9C00F02E56 /* ICSDrawerController */,
			);
			path = "External Libraries";
			sourceTree = "<group>";
		};
		201024FB1A7B135F00F248F3 /* Utilities */ = {
			isa = PBXGroup;
			children = (
			);
			path = Utilities;
			sourceTree = "<group>";
		};
		201024FC1A7B135F00F248F3 /* ViewControllers */ = {
			isa = PBXGroup;
			children = (
				203A499F1A809F7000F02E56 /* LeftSideController */,
				203A49A01A809F7000F02E56 /* MainViewController */,
			);
			path = ViewControllers;
			sourceTree = "<group>";
		};
		201024FD1A7B530E00F248F3 /* Images */ = {
			isa = PBXGroup;
			children = (
				203A49AC1A80B01E00F02E56 /* iphone.png */,
				203A49AA1A80AF9200F02E56 /* iphone6P.png */,
			);
			path = Images;
			sourceTree = "<group>";
		};
		203A49981A809D9C00F02E56 /* ICSDrawerController */ = {
			isa = PBXGroup;
			children = (
				203A49991A809D9C00F02E56 /* ICSDrawerController.h */,
				203A499A1A809D9C00F02E56 /* ICSDrawerController.m */,
				203A499B1A809D9C00F02E56 /* ICSDropShadowView.h */,
				203A499C1A809D9C00F02E56 /* ICSDropShadowView.m */,
			);
			path = ICSDrawerController;
			sourceTree = "<group>";
		};
		203A499F1A809F7000F02E56 /* LeftSideController */ = {
			isa = PBXGroup;
			children = (
				203A49A71A80A4E200F02E56 /* LeftSideController.h */,
				203A49A81A80A4F500F02E56 /* LeftSideController.m */,
			);
			path = LeftSideController;
			sourceTree = "<group>";
		};
		203A49A01A809F7000F02E56 /* MainViewController */ = {
			isa = PBXGroup;
			children = (
				203A49A11A809F7000F02E56 /* MainViewController.h */,
				203A49A21A809F7000F02E56 /* MainViewController.m */,
				203A49AE1A815DB200F02E56 /* MainViewController.xib */,
			);
			path = MainViewController;
			sourceTree = "<group>";
		};
		203A49B01A8165EE00F02E56 /* AFNetworking */ = {
			isa = PBXGroup;
			children = (
				203A49B11A8165EE00F02E56 /* AFHTTPRequestOperation.h */,
				203A49B21A8165EE00F02E56 /* AFHTTPRequestOperation.m */,
				203A49B31A8165EE00F02E56 /* AFHTTPRequestOperationManager.h */,
				203A49B41A8165EE00F02E56 /* AFHTTPRequestOperationManager.m */,
				203A49B51A8165EE00F02E56 /* AFHTTPSessionManager.h */,
				203A49B61A8165EE00F02E56 /* AFHTTPSessionManager.m */,
				203A49B71A8165EE00F02E56 /* AFNetworking.h */,
				203A49B81A8165EE00F02E56 /* AFNetworkReachabilityManager.h */,
				203A49B91A8165EE00F02E56 /* AFNetworkReachabilityManager.m */,
				203A49BA1A8165EE00F02E56 /* AFSecurityPolicy.h */,
				203A49BB1A8165EE00F02E56 /* AFSecurityPolicy.m */,
				203A49BC1A8165EE00F02E56 /* AFURLConnectionOperation.h */,
				203A49BD1A8165EE00F02E56 /* AFURLConnectionOperation.m */,
				203A49BE1A8165EE00F02E56 /* AFURLRequestSerialization.h */,
				203A49BF1A8165EE00F02E56 /* AFURLRequestSerialization.m */,
				203A49C01A8165EE00F02E56 /* AFURLResponseSerialization.h */,
				203A49C11A8165EE00F02E56 /* AFURLResponseSerialization.m */,
				203A49C21A8165EE00F02E56 /* AFURLSessionManager.h */,
				203A49C31A8165EE00F02E56 /* AFURLSessionManager.m */,
			);
			path = AFNetworking;
			sourceTree = "<group>";
		};
		203A49D21A828C7300F02E56 /* BabyNinja WatchKit Extension */ = {
			isa = PBXGroup;
			children = (
				203A49D61A828C7300F02E56 /* InterfaceController.h */,
				203A49D71A828C7300F02E56 /* InterfaceController.m */,
				203A49D91A828C7300F02E56 /* NotificationController.h */,
				203A49DA1A828C7300F02E56 /* NotificationController.m */,
				206589DB1A8A61500019F21D /* TextureSelectionInterfaceController.h */,
				206589DC1A8A61500019F21D /* TextureSelectionInterfaceController.m */,
				203A49DC1A828C7300F02E56 /* Images.xcassets */,
				203A49D31A828C7300F02E56 /* Supporting Files */,
				206589DE1A8A666F0019F21D /* AlertInterfaceController.h */,
				206589DF1A8A666F0019F21D /* AlertInterfaceController.m */,
			);
			path = "BabyNinja WatchKit Extension";
			sourceTree = "<group>";
		};
		203A49D31A828C7300F02E56 /* Supporting Files */ = {
			isa = PBXGroup;
			children = (
				203A49D41A828C7300F02E56 /* Info.plist */,
				203A49D51A828C7300F02E56 /* PushNotificationPayload.apns */,
			);
			name = "Supporting Files";
			sourceTree = "<group>";
		};
		203A49E41A828C7300F02E56 /* BabyNinja WatchKit App */ = {
			isa = PBXGroup;
			children = (
				203A49E71A828C7300F02E56 /* Interface.storyboard */,
				203A49EA1A828C7300F02E56 /* Images.xcassets */,
				203A49E51A828C7300F02E56 /* Supporting Files */,
			);
			path = "BabyNinja WatchKit App";
			sourceTree = "<group>";
		};
		203A49E51A828C7300F02E56 /* Supporting Files */ = {
			isa = PBXGroup;
			children = (
				203A49E61A828C7300F02E56 /* Info.plist */,
			);
			name = "Supporting Files";
			sourceTree = "<group>";
		};
		20B3A8791A84884300B4C8CC /* ALRadial */ = {
			isa = PBXGroup;
			children = (
				20B3A87A1A84884300B4C8CC /* ALRadialButton.h */,
				20B3A87B1A84884300B4C8CC /* ALRadialButton.m */,
				20B3A87C1A84884300B4C8CC /* ALRadialMenu.h */,
				20B3A87D1A84884300B4C8CC /* ALRadialMenu.m */,
			);
			path = ALRadial;
			sourceTree = "<group>";
		};
/* End PBXGroup section */

/* Begin PBXNativeTarget section */
		201024D01A7B030F00F248F3 /* BabyNinja */ = {
			isa = PBXNativeTarget;
			buildConfigurationList = 201024F41A7B030F00F248F3 /* Build configuration list for PBXNativeTarget "BabyNinja" */;
			buildPhases = (
				201024CD1A7B030F00F248F3 /* Sources */,
				201024CE1A7B030F00F248F3 /* Frameworks */,
				201024CF1A7B030F00F248F3 /* Resources */,
				203A49F51A828C7300F02E56 /* Embed App Extensions */,
			);
			buildRules = (
			);
			dependencies = (
				203A49ED1A828C7300F02E56 /* PBXTargetDependency */,
			);
			name = BabyNinja;
			productName = BabyNinja;
			productReference = 201024D11A7B030F00F248F3 /* BabyNinja.app */;
			productType = "com.apple.product-type.application";
		};
		201024E91A7B030F00F248F3 /* BabyNinjaTests */ = {
			isa = PBXNativeTarget;
			buildConfigurationList = 201024F71A7B030F00F248F3 /* Build configuration list for PBXNativeTarget "BabyNinjaTests" */;
			buildPhases = (
				201024E61A7B030F00F248F3 /* Sources */,
				201024E71A7B030F00F248F3 /* Frameworks */,
				201024E81A7B030F00F248F3 /* Resources */,
			);
			buildRules = (
			);
			dependencies = (
				201024EC1A7B030F00F248F3 /* PBXTargetDependency */,
			);
			name = BabyNinjaTests;
			productName = BabyNinjaTests;
			productReference = 201024EA1A7B030F00F248F3 /* BabyNinjaTests.xctest */;
			productType = "com.apple.product-type.bundle.unit-test";
		};
		203A49D01A828C7300F02E56 /* BabyNinja WatchKit Extension */ = {
			isa = PBXNativeTarget;
			buildConfigurationList = 203A49F41A828C7300F02E56 /* Build configuration list for PBXNativeTarget "BabyNinja WatchKit Extension" */;
			buildPhases = (
				203A49CD1A828C7300F02E56 /* Sources */,
				203A49CE1A828C7300F02E56 /* Frameworks */,
				203A49CF1A828C7300F02E56 /* Resources */,
			);
			buildRules = (
			);
			dependencies = (
				203A49E31A828C7300F02E56 /* PBXTargetDependency */,
			);
			name = "BabyNinja WatchKit Extension";
			productName = "BabyNinja WatchKit Extension";
			productReference = 203A49D11A828C7300F02E56 /* BabyNinja WatchKit Extension.appex */;
			productType = "com.apple.product-type.watchkit-extension";
		};
		203A49DF1A828C7300F02E56 /* BabyNinja WatchKit App */ = {
			isa = PBXNativeTarget;
			buildConfigurationList = 203A49F31A828C7300F02E56 /* Build configuration list for PBXNativeTarget "BabyNinja WatchKit App" */;
			buildPhases = (
				203A49DE1A828C7300F02E56 /* Resources */,
			);
			buildRules = (
			);
			dependencies = (
			);
			name = "BabyNinja WatchKit App";
			productName = "BabyNinja WatchKit App";
			productReference = 203A49E01A828C7300F02E56 /* BabyNinja WatchKit App.app */;
			productType = "com.apple.product-type.application.watchapp";
		};
/* End PBXNativeTarget section */

/* Begin PBXProject section */
		201024C91A7B030F00F248F3 /* Project object */ = {
			isa = PBXProject;
			attributes = {
				LastUpgradeCheck = 0620;
				ORGANIZATIONNAME = "TeamONE Software";
				TargetAttributes = {
					201024D01A7B030F00F248F3 = {
						CreatedOnToolsVersion = 6.2;
					};
					201024E91A7B030F00F248F3 = {
						CreatedOnToolsVersion = 6.2;
						TestTargetID = 201024D01A7B030F00F248F3;
					};
					203A49D01A828C7300F02E56 = {
						CreatedOnToolsVersion = 6.2;
					};
					203A49DF1A828C7300F02E56 = {
						CreatedOnToolsVersion = 6.2;
					};
				};
			};
			buildConfigurationList = 201024CC1A7B030F00F248F3 /* Build configuration list for PBXProject "BabyNinja" */;
			compatibilityVersion = "Xcode 3.2";
			developmentRegion = English;
			hasScannedForEncodings = 0;
			knownRegions = (
				en,
				Base,
			);
			mainGroup = 201024C81A7B030F00F248F3;
			productRefGroup = 201024D21A7B030F00F248F3 /* Products */;
			projectDirPath = "";
			projectRoot = "";
			targets = (
				201024D01A7B030F00F248F3 /* BabyNinja */,
				201024E91A7B030F00F248F3 /* BabyNinjaTests */,
				203A49D01A828C7300F02E56 /* BabyNinja WatchKit Extension */,
				203A49DF1A828C7300F02E56 /* BabyNinja WatchKit App */,
			);
		};
/* End PBXProject section */

/* Begin PBXResourcesBuildPhase section */
		201024CF1A7B030F00F248F3 /* Resources */ = {
			isa = PBXResourcesBuildPhase;
			buildActionMask = 2147483647;
			files = (
				203A49AD1A80B01E00F02E56 /* iphone.png in Resources */,
				203A49AB1A80AF9200F02E56 /* iphone6P.png in Resources */,
				203A49AF1A815DB200F02E56 /* MainViewController.xib in Resources */,
				201024FF1A7B530E00F248F3 /* poop.png in Resources */,
				201024E21A7B030F00F248F3 /* Images.xcassets in Resources */,
			);
			runOnlyForDeploymentPostprocessing = 0;
		};
		201024E81A7B030F00F248F3 /* Resources */ = {
			isa = PBXResourcesBuildPhase;
			buildActionMask = 2147483647;
			files = (
			);
			runOnlyForDeploymentPostprocessing = 0;
		};
		203A49CF1A828C7300F02E56 /* Resources */ = {
			isa = PBXResourcesBuildPhase;
			buildActionMask = 2147483647;
			files = (
				203A49DD1A828C7300F02E56 /* Images.xcassets in Resources */,
				203A49E11A828C7300F02E56 /* BabyNinja WatchKit App.app in Resources */,
			);
			runOnlyForDeploymentPostprocessing = 0;
		};
		203A49DE1A828C7300F02E56 /* Resources */ = {
			isa = PBXResourcesBuildPhase;
			buildActionMask = 2147483647;
			files = (
				203A49E91A828C7300F02E56 /* Interface.storyboard in Resources */,
				203A49EB1A828C7300F02E56 /* Images.xcassets in Resources */,
			);
			runOnlyForDeploymentPostprocessing = 0;
		};
/* End PBXResourcesBuildPhase section */

/* Begin PBXSourcesBuildPhase section */
		201024CD1A7B030F00F248F3 /* Sources */ = {
			isa = PBXSourcesBuildPhase;
			buildActionMask = 2147483647;
			files = (
				203A49CC1A8165EE00F02E56 /* AFURLSessionManager.m in Sources */,
				20B3A87E1A84884300B4C8CC /* ALRadialButton.m in Sources */,
				203A499D1A809D9C00F02E56 /* ICSDrawerController.m in Sources */,
				203A49A91A80A4F500F02E56 /* LeftSideController.m in Sources */,
				203A49C71A8165EE00F02E56 /* AFNetworkReachabilityManager.m in Sources */,
				201024DA1A7B030F00F248F3 /* AppDelegate.m in Sources */,
				203A49C91A8165EE00F02E56 /* AFURLConnectionOperation.m in Sources */,
				203A49C61A8165EE00F02E56 /* AFHTTPSessionManager.m in Sources */,
				203A49CA1A8165EE00F02E56 /* AFURLRequestSerialization.m in Sources */,
				201024D71A7B030F00F248F3 /* main.m in Sources */,
				203A49A31A809F7000F02E56 /* MainViewController.m in Sources */,
				203A499E1A809D9C00F02E56 /* ICSDropShadowView.m in Sources */,
				203A49C51A8165EE00F02E56 /* AFHTTPRequestOperationManager.m in Sources */,
				203A49C81A8165EE00F02E56 /* AFSecurityPolicy.m in Sources */,
				203A49CB1A8165EE00F02E56 /* AFURLResponseSerialization.m in Sources */,
				20B3A87F1A84884300B4C8CC /* ALRadialMenu.m in Sources */,
				203A49C41A8165EE00F02E56 /* AFHTTPRequestOperation.m in Sources */,
			);
			runOnlyForDeploymentPostprocessing = 0;
		};
		201024E61A7B030F00F248F3 /* Sources */ = {
			isa = PBXSourcesBuildPhase;
			buildActionMask = 2147483647;
			files = (
				201024F11A7B030F00F248F3 /* BabyNinjaTests.m in Sources */,
			);
			runOnlyForDeploymentPostprocessing = 0;
		};
		203A49CD1A828C7300F02E56 /* Sources */ = {
			isa = PBXSourcesBuildPhase;
			buildActionMask = 2147483647;
			files = (
				203A49DB1A828C7300F02E56 /* NotificationController.m in Sources */,
				206589DD1A8A61500019F21D /* TextureSelectionInterfaceController.m in Sources */,
				206589E01A8A666F0019F21D /* AlertInterfaceController.m in Sources */,
				203A49D81A828C7300F02E56 /* InterfaceController.m in Sources */,
			);
			runOnlyForDeploymentPostprocessing = 0;
		};
/* End PBXSourcesBuildPhase section */

/* Begin PBXTargetDependency section */
		201024EC1A7B030F00F248F3 /* PBXTargetDependency */ = {
			isa = PBXTargetDependency;
			target = 201024D01A7B030F00F248F3 /* BabyNinja */;
			targetProxy = 201024EB1A7B030F00F248F3 /* PBXContainerItemProxy */;
		};
		203A49E31A828C7300F02E56 /* PBXTargetDependency */ = {
			isa = PBXTargetDependency;
			target = 203A49DF1A828C7300F02E56 /* BabyNinja WatchKit App */;
			targetProxy = 203A49E21A828C7300F02E56 /* PBXContainerItemProxy */;
		};
		203A49ED1A828C7300F02E56 /* PBXTargetDependency */ = {
			isa = PBXTargetDependency;
			target = 203A49D01A828C7300F02E56 /* BabyNinja WatchKit Extension */;
			targetProxy = 203A49EC1A828C7300F02E56 /* PBXContainerItemProxy */;
		};
/* End PBXTargetDependency section */

/* Begin PBXVariantGroup section */
		203A49E71A828C7300F02E56 /* Interface.storyboard */ = {
			isa = PBXVariantGroup;
			children = (
				203A49E81A828C7300F02E56 /* Base */,
			);
			name = Interface.storyboard;
			sourceTree = "<group>";
		};
/* End PBXVariantGroup section */

/* Begin XCBuildConfiguration section */
		201024F21A7B030F00F248F3 /* Debug */ = {
			isa = XCBuildConfiguration;
			buildSettings = {
				ALWAYS_SEARCH_USER_PATHS = NO;
				CLANG_CXX_LANGUAGE_STANDARD = "gnu++0x";
				CLANG_CXX_LIBRARY = "libc++";
				CLANG_ENABLE_MODULES = YES;
				CLANG_ENABLE_OBJC_ARC = YES;
				CLANG_WARN_BOOL_CONVERSION = YES;
				CLANG_WARN_CONSTANT_CONVERSION = YES;
				CLANG_WARN_DIRECT_OBJC_ISA_USAGE = YES_ERROR;
				CLANG_WARN_EMPTY_BODY = YES;
				CLANG_WARN_ENUM_CONVERSION = YES;
				CLANG_WARN_INT_CONVERSION = YES;
				CLANG_WARN_OBJC_ROOT_CLASS = YES_ERROR;
				CLANG_WARN_UNREACHABLE_CODE = YES;
				CLANG_WARN__DUPLICATE_METHOD_MATCH = YES;
				"CODE_SIGN_IDENTITY[sdk=iphoneos*]" = "iPhone Developer";
				COPY_PHASE_STRIP = NO;
				ENABLE_STRICT_OBJC_MSGSEND = YES;
				GCC_C_LANGUAGE_STANDARD = gnu99;
				GCC_DYNAMIC_NO_PIC = NO;
				GCC_OPTIMIZATION_LEVEL = 0;
				GCC_PREPROCESSOR_DEFINITIONS = (
					"DEBUG=1",
					"$(inherited)",
				);
				GCC_SYMBOLS_PRIVATE_EXTERN = NO;
				GCC_WARN_64_TO_32_BIT_CONVERSION = YES;
				GCC_WARN_ABOUT_RETURN_TYPE = YES_ERROR;
				GCC_WARN_UNDECLARED_SELECTOR = YES;
				GCC_WARN_UNINITIALIZED_AUTOS = YES_AGGRESSIVE;
				GCC_WARN_UNUSED_FUNCTION = YES;
				GCC_WARN_UNUSED_VARIABLE = YES;
				IPHONEOS_DEPLOYMENT_TARGET = 8.2;
				MTL_ENABLE_DEBUG_INFO = YES;
				ONLY_ACTIVE_ARCH = YES;
				SDKROOT = iphoneos;
				TARGETED_DEVICE_FAMILY = "1,2";
			};
			name = Debug;
		};
		201024F31A7B030F00F248F3 /* Release */ = {
			isa = XCBuildConfiguration;
			buildSettings = {
				ALWAYS_SEARCH_USER_PATHS = NO;
				CLANG_CXX_LANGUAGE_STANDARD = "gnu++0x";
				CLANG_CXX_LIBRARY = "libc++";
				CLANG_ENABLE_MODULES = YES;
				CLANG_ENABLE_OBJC_ARC = YES;
				CLANG_WARN_BOOL_CONVERSION = YES;
				CLANG_WARN_CONSTANT_CONVERSION = YES;
				CLANG_WARN_DIRECT_OBJC_ISA_USAGE = YES_ERROR;
				CLANG_WARN_EMPTY_BODY = YES;
				CLANG_WARN_ENUM_CONVERSION = YES;
				CLANG_WARN_INT_CONVERSION = YES;
				CLANG_WARN_OBJC_ROOT_CLASS = YES_ERROR;
				CLANG_WARN_UNREACHABLE_CODE = YES;
				CLANG_WARN__DUPLICATE_METHOD_MATCH = YES;
				"CODE_SIGN_IDENTITY[sdk=iphoneos*]" = "iPhone Developer";
				COPY_PHASE_STRIP = NO;
				ENABLE_NS_ASSERTIONS = NO;
				ENABLE_STRICT_OBJC_MSGSEND = YES;
				GCC_C_LANGUAGE_STANDARD = gnu99;
				GCC_WARN_64_TO_32_BIT_CONVERSION = YES;
				GCC_WARN_ABOUT_RETURN_TYPE = YES_ERROR;
				GCC_WARN_UNDECLARED_SELECTOR = YES;
				GCC_WARN_UNINITIALIZED_AUTOS = YES_AGGRESSIVE;
				GCC_WARN_UNUSED_FUNCTION = YES;
				GCC_WARN_UNUSED_VARIABLE = YES;
				IPHONEOS_DEPLOYMENT_TARGET = 8.2;
				MTL_ENABLE_DEBUG_INFO = NO;
				SDKROOT = iphoneos;
				TARGETED_DEVICE_FAMILY = "1,2";
				VALIDATE_PRODUCT = YES;
			};
			name = Release;
		};
		201024F51A7B030F00F248F3 /* Debug */ = {
			isa = XCBuildConfiguration;
			buildSettings = {
				ASSETCATALOG_COMPILER_APPICON_NAME = "AppIcon-1";
				INFOPLIST_FILE = BabyNinja/Info.plist;
				LD_RUNPATH_SEARCH_PATHS = "$(inherited) @executable_path/Frameworks";
				PRODUCT_NAME = "$(TARGET_NAME)";
			};
			name = Debug;
		};
		201024F61A7B030F00F248F3 /* Release */ = {
			isa = XCBuildConfiguration;
			buildSettings = {
				ASSETCATALOG_COMPILER_APPICON_NAME = "AppIcon-1";
				INFOPLIST_FILE = BabyNinja/Info.plist;
				LD_RUNPATH_SEARCH_PATHS = "$(inherited) @executable_path/Frameworks";
				PRODUCT_NAME = "$(TARGET_NAME)";
			};
			name = Release;
		};
		201024F81A7B030F00F248F3 /* Debug */ = {
			isa = XCBuildConfiguration;
			buildSettings = {
				BUNDLE_LOADER = "$(TEST_HOST)";
				FRAMEWORK_SEARCH_PATHS = (
					"$(SDKROOT)/Developer/Library/Frameworks",
					"$(inherited)",
				);
				GCC_PREPROCESSOR_DEFINITIONS = (
					"DEBUG=1",
					"$(inherited)",
				);
				INFOPLIST_FILE = BabyNinjaTests/Info.plist;
				LD_RUNPATH_SEARCH_PATHS = "$(inherited) @executable_path/Frameworks @loader_path/Frameworks";
				PRODUCT_NAME = "$(TARGET_NAME)";
				TEST_HOST = "$(BUILT_PRODUCTS_DIR)/BabyNinja.app/BabyNinja";
			};
			name = Debug;
		};
		201024F91A7B030F00F248F3 /* Release */ = {
			isa = XCBuildConfiguration;
			buildSettings = {
				BUNDLE_LOADER = "$(TEST_HOST)";
				FRAMEWORK_SEARCH_PATHS = (
					"$(SDKROOT)/Developer/Library/Frameworks",
					"$(inherited)",
				);
				INFOPLIST_FILE = BabyNinjaTests/Info.plist;
				LD_RUNPATH_SEARCH_PATHS = "$(inherited) @executable_path/Frameworks @loader_path/Frameworks";
				PRODUCT_NAME = "$(TARGET_NAME)";
				TEST_HOST = "$(BUILT_PRODUCTS_DIR)/BabyNinja.app/BabyNinja";
			};
			name = Release;
		};
		203A49EF1A828C7300F02E56 /* Debug */ = {
			isa = XCBuildConfiguration;
			buildSettings = {
				GCC_PREPROCESSOR_DEFINITIONS = (
					"DEBUG=1",
					"$(inherited)",
				);
				INFOPLIST_FILE = "BabyNinja WatchKit Extension/Info.plist";
				LD_RUNPATH_SEARCH_PATHS = "$(inherited) @executable_path/Frameworks @executable_path/../../Frameworks";
				PRODUCT_NAME = "${TARGET_NAME}";
				SKIP_INSTALL = YES;
			};
			name = Debug;
		};
		203A49F01A828C7300F02E56 /* Release */ = {
			isa = XCBuildConfiguration;
			buildSettings = {
				INFOPLIST_FILE = "BabyNinja WatchKit Extension/Info.plist";
				LD_RUNPATH_SEARCH_PATHS = "$(inherited) @executable_path/Frameworks @executable_path/../../Frameworks";
				PRODUCT_NAME = "${TARGET_NAME}";
				SKIP_INSTALL = YES;
			};
			name = Release;
		};
		203A49F11A828C7300F02E56 /* Debug */ = {
			isa = XCBuildConfiguration;
			buildSettings = {
				ASSETCATALOG_COMPILER_APPICON_NAME = "AppIcon-1";
				ASSETCATALOG_COMPILER_LAUNCHIMAGE_NAME = LaunchImage;
				GCC_PREPROCESSOR_DEFINITIONS = (
					"DEBUG=1",
					"$(inherited)",
				);
				IBSC_MODULE = BabyNinja_WatchKit_Extension;
				INFOPLIST_FILE = "BabyNinja WatchKit App/Info.plist";
				PRODUCT_NAME = "$(TARGET_NAME)";
				SKIP_INSTALL = YES;
				TARGETED_DEVICE_FAMILY = 4;
				"TARGETED_DEVICE_FAMILY[sdk=iphonesimulator*]" = "1,4";
			};
			name = Debug;
		};
		203A49F21A828C7300F02E56 /* Release */ = {
			isa = XCBuildConfiguration;
			buildSettings = {
				ASSETCATALOG_COMPILER_APPICON_NAME = "AppIcon-1";
				ASSETCATALOG_COMPILER_LAUNCHIMAGE_NAME = LaunchImage;
				IBSC_MODULE = BabyNinja_WatchKit_Extension;
				INFOPLIST_FILE = "BabyNinja WatchKit App/Info.plist";
				PRODUCT_NAME = "$(TARGET_NAME)";
				SKIP_INSTALL = YES;
				TARGETED_DEVICE_FAMILY = 4;
				"TARGETED_DEVICE_FAMILY[sdk=iphonesimulator*]" = "1,4";
			};
			name = Release;
		};
/* End XCBuildConfiguration section */

/* Begin XCConfigurationList section */
		201024CC1A7B030F00F248F3 /* Build configuration list for PBXProject "BabyNinja" */ = {
			isa = XCConfigurationList;
			buildConfigurations = (
				201024F21A7B030F00F248F3 /* Debug */,
				201024F31A7B030F00F248F3 /* Release */,
			);
			defaultConfigurationIsVisible = 0;
			defaultConfigurationName = Release;
		};
		201024F41A7B030F00F248F3 /* Build configuration list for PBXNativeTarget "BabyNinja" */ = {
			isa = XCConfigurationList;
			buildConfigurations = (
				201024F51A7B030F00F248F3 /* Debug */,
				201024F61A7B030F00F248F3 /* Release */,
			);
			defaultConfigurationIsVisible = 0;
			defaultConfigurationName = Release;
		};
		201024F71A7B030F00F248F3 /* Build configuration list for PBXNativeTarget "BabyNinjaTests" */ = {
			isa = XCConfigurationList;
			buildConfigurations = (
				201024F81A7B030F00F248F3 /* Debug */,
				201024F91A7B030F00F248F3 /* Release */,
			);
			defaultConfigurationIsVisible = 0;
			defaultConfigurationName = Release;
		};
		203A49F31A828C7300F02E56 /* Build configuration list for PBXNativeTarget "BabyNinja WatchKit App" */ = {
			isa = XCConfigurationList;
			buildConfigurations = (
				203A49F11A828C7300F02E56 /* Debug */,
				203A49F21A828C7300F02E56 /* Release */,
			);
			defaultConfigurationIsVisible = 0;
			defaultConfigurationName = Release;
		};
		203A49F41A828C7300F02E56 /* Build configuration list for PBXNativeTarget "BabyNinja WatchKit Extension" */ = {
			isa = XCConfigurationList;
			buildConfigurations = (
				203A49EF1A828C7300F02E56 /* Debug */,
				203A49F01A828C7300F02E56 /* Release */,
			);
			defaultConfigurationIsVisible = 0;
			defaultConfigurationName = Release;
		};
/* End XCConfigurationList section */
	};
	rootObject = 201024C91A7B030F00F248F3 /* Project object */;
}
